// !$*UTF8*$!
{
	archiveVersion = 1;
	classes = {
	};
	objectVersion = 55;
	objects = {

/* Begin PBXBuildFile section */
		C64C231C278350B100D2F9E2 /* TouchdownApp.swift in Sources */ = {isa = PBXBuildFile; fileRef = C64C231B278350B100D2F9E2 /* TouchdownApp.swift */; };
		C64C231E278350B100D2F9E2 /* ContentView.swift in Sources */ = {isa = PBXBuildFile; fileRef = C64C231D278350B100D2F9E2 /* ContentView.swift */; };
		C64C2320278350B200D2F9E2 /* Assets.xcassets in Resources */ = {isa = PBXBuildFile; fileRef = C64C231F278350B200D2F9E2 /* Assets.xcassets */; };
		C64C2323278350B200D2F9E2 /* Preview Assets.xcassets in Resources */ = {isa = PBXBuildFile; fileRef = C64C2322278350B200D2F9E2 /* Preview Assets.xcassets */; };
		C64C232E2783514B00D2F9E2 /* brand.json in Resources */ = {isa = PBXBuildFile; fileRef = C64C232A2783514B00D2F9E2 /* brand.json */; };
		C64C232F2783514B00D2F9E2 /* player.json in Resources */ = {isa = PBXBuildFile; fileRef = C64C232B2783514B00D2F9E2 /* player.json */; };
		C64C23302783514B00D2F9E2 /* category.json in Resources */ = {isa = PBXBuildFile; fileRef = C64C232C2783514B00D2F9E2 /* category.json */; };
		C64C23312783514B00D2F9E2 /* product.json in Resources */ = {isa = PBXBuildFile; fileRef = C64C232D2783514B00D2F9E2 /* product.json */; };
		C64C233B278352B400D2F9E2 /* Constant.swift in Sources */ = {isa = PBXBuildFile; fileRef = C64C233A278352B400D2F9E2 /* Constant.swift */; };
		C64C233D2783532300D2F9E2 /* FooterView.swift in Sources */ = {isa = PBXBuildFile; fileRef = C64C233C2783532300D2F9E2 /* FooterView.swift */; };
		C64C233F2783579D00D2F9E2 /* NavigationBarView.swift in Sources */ = {isa = PBXBuildFile; fileRef = C64C233E2783579D00D2F9E2 /* NavigationBarView.swift */; };
		C64C23412783596000D2F9E2 /* LogoView.swift in Sources */ = {isa = PBXBuildFile; fileRef = C64C23402783596000D2F9E2 /* LogoView.swift */; };
		C64C234327835FB400D2F9E2 /* Player.swift in Sources */ = {isa = PBXBuildFile; fileRef = C64C234227835FB400D2F9E2 /* Player.swift */; };
		C64C23452785361700D2F9E2 /* CodableBundleExtension.swift in Sources */ = {isa = PBXBuildFile; fileRef = C64C23442785361700D2F9E2 /* CodableBundleExtension.swift */; };
		C64C2349278537B500D2F9E2 /* FeaturedItemView.swift in Sources */ = {isa = PBXBuildFile; fileRef = C64C2348278537B500D2F9E2 /* FeaturedItemView.swift */; };
		C64C234B2785384D00D2F9E2 /* FeaturedTabView.swift in Sources */ = {isa = PBXBuildFile; fileRef = C64C234A2785384D00D2F9E2 /* FeaturedTabView.swift */; };
		C64C234D27853EDA00D2F9E2 /* Category.swift in Sources */ = {isa = PBXBuildFile; fileRef = C64C234C27853EDA00D2F9E2 /* Category.swift */; };
		C64C234F278540DA00D2F9E2 /* CategoryItemView.swift in Sources */ = {isa = PBXBuildFile; fileRef = C64C234E278540DA00D2F9E2 /* CategoryItemView.swift */; };
		C64C23512785420F00D2F9E2 /* CategoryGridView.swift in Sources */ = {isa = PBXBuildFile; fileRef = C64C23502785420F00D2F9E2 /* CategoryGridView.swift */; };
		C64C23532785451F00D2F9E2 /* SectionView.swift in Sources */ = {isa = PBXBuildFile; fileRef = C64C23522785451F00D2F9E2 /* SectionView.swift */; };
		C64C2355278548EB00D2F9E2 /* TitleView.swift in Sources */ = {isa = PBXBuildFile; fileRef = C64C2354278548EB00D2F9E2 /* TitleView.swift */; };
		C64C2357278549BE00D2F9E2 /* Product.swift in Sources */ = {isa = PBXBuildFile; fileRef = C64C2356278549BE00D2F9E2 /* Product.swift */; };
		C64C235927854A1300D2F9E2 /* ProductItemView.swift in Sources */ = {isa = PBXBuildFile; fileRef = C64C235827854A1300D2F9E2 /* ProductItemView.swift */; };
/* End PBXBuildFile section */

/* Begin PBXFileReference section */
		C64C2318278350B100D2F9E2 /* Touchdown.app */ = {isa = PBXFileReference; explicitFileType = wrapper.application; includeInIndex = 0; path = Touchdown.app; sourceTree = BUILT_PRODUCTS_DIR; };
		C64C231B278350B100D2F9E2 /* TouchdownApp.swift */ = {isa = PBXFileReference; lastKnownFileType = sourcecode.swift; path = TouchdownApp.swift; sourceTree = "<group>"; };
		C64C231D278350B100D2F9E2 /* ContentView.swift */ = {isa = PBXFileReference; lastKnownFileType = sourcecode.swift; path = ContentView.swift; sourceTree = "<group>"; };
		C64C231F278350B200D2F9E2 /* Assets.xcassets */ = {isa = PBXFileReference; lastKnownFileType = folder.assetcatalog; path = Assets.xcassets; sourceTree = "<group>"; };
		C64C2322278350B200D2F9E2 /* Preview Assets.xcassets */ = {isa = PBXFileReference; lastKnownFileType = folder.assetcatalog; path = "Preview Assets.xcassets"; sourceTree = "<group>"; };
		C64C232A2783514B00D2F9E2 /* brand.json */ = {isa = PBXFileReference; fileEncoding = 4; lastKnownFileType = text.json; path = brand.json; sourceTree = "<group>"; };
		C64C232B2783514B00D2F9E2 /* player.json */ = {isa = PBXFileReference; fileEncoding = 4; lastKnownFileType = text.json; path = player.json; sourceTree = "<group>"; };
		C64C232C2783514B00D2F9E2 /* category.json */ = {isa = PBXFileReference; fileEncoding = 4; lastKnownFileType = text.json; path = category.json; sourceTree = "<group>"; };
		C64C232D2783514B00D2F9E2 /* product.json */ = {isa = PBXFileReference; fileEncoding = 4; lastKnownFileType = text.json; path = product.json; sourceTree = "<group>"; };
		C64C23322783519D00D2F9E2 /* Info.plist */ = {isa = PBXFileReference; lastKnownFileType = text.plist; path = Info.plist; sourceTree = "<group>"; };
		C64C233A278352B400D2F9E2 /* Constant.swift */ = {isa = PBXFileReference; lastKnownFileType = sourcecode.swift; path = Constant.swift; sourceTree = "<group>"; };
		C64C233C2783532300D2F9E2 /* FooterView.swift */ = {isa = PBXFileReference; lastKnownFileType = sourcecode.swift; path = FooterView.swift; sourceTree = "<group>"; };
		C64C233E2783579D00D2F9E2 /* NavigationBarView.swift */ = {isa = PBXFileReference; lastKnownFileType = sourcecode.swift; path = NavigationBarView.swift; sourceTree = "<group>"; };
		C64C23402783596000D2F9E2 /* LogoView.swift */ = {isa = PBXFileReference; lastKnownFileType = sourcecode.swift; path = LogoView.swift; sourceTree = "<group>"; };
		C64C234227835FB400D2F9E2 /* Player.swift */ = {isa = PBXFileReference; lastKnownFileType = sourcecode.swift; path = Player.swift; sourceTree = "<group>"; };
		C64C23442785361700D2F9E2 /* CodableBundleExtension.swift */ = {isa = PBXFileReference; lastKnownFileType = sourcecode.swift; path = CodableBundleExtension.swift; sourceTree = "<group>"; };
		C64C2348278537B500D2F9E2 /* FeaturedItemView.swift */ = {isa = PBXFileReference; lastKnownFileType = sourcecode.swift; path = FeaturedItemView.swift; sourceTree = "<group>"; };
		C64C234A2785384D00D2F9E2 /* FeaturedTabView.swift */ = {isa = PBXFileReference; lastKnownFileType = sourcecode.swift; path = FeaturedTabView.swift; sourceTree = "<group>"; };
		C64C234C27853EDA00D2F9E2 /* Category.swift */ = {isa = PBXFileReference; lastKnownFileType = sourcecode.swift; path = Category.swift; sourceTree = "<group>"; };
		C64C234E278540DA00D2F9E2 /* CategoryItemView.swift */ = {isa = PBXFileReference; lastKnownFileType = sourcecode.swift; path = CategoryItemView.swift; sourceTree = "<group>"; };
		C64C23502785420F00D2F9E2 /* CategoryGridView.swift */ = {isa = PBXFileReference; lastKnownFileType = sourcecode.swift; path = CategoryGridView.swift; sourceTree = "<group>"; };
		C64C23522785451F00D2F9E2 /* SectionView.swift */ = {isa = PBXFileReference; lastKnownFileType = sourcecode.swift; path = SectionView.swift; sourceTree = "<group>"; };
		C64C2354278548EB00D2F9E2 /* TitleView.swift */ = {isa = PBXFileReference; lastKnownFileType = sourcecode.swift; path = TitleView.swift; sourceTree = "<group>"; };
		C64C2356278549BE00D2F9E2 /* Product.swift */ = {isa = PBXFileReference; lastKnownFileType = sourcecode.swift; path = Product.swift; sourceTree = "<group>"; };
		C64C235827854A1300D2F9E2 /* ProductItemView.swift */ = {isa = PBXFileReference; lastKnownFileType = sourcecode.swift; path = ProductItemView.swift; sourceTree = "<group>"; };
/* End PBXFileReference section */

/* Begin PBXFrameworksBuildPhase section */
		C64C2315278350B100D2F9E2 /* Frameworks */ = {
			isa = PBXFrameworksBuildPhase;
			buildActionMask = 2147483647;
			files = (
			);
			runOnlyForDeploymentPostprocessing = 0;
		};
/* End PBXFrameworksBuildPhase section */

/* Begin PBXGroup section */
		C64C230F278350B100D2F9E2 = {
			isa = PBXGroup;
			children = (
				C64C231A278350B100D2F9E2 /* Touchdown */,
				C64C2319278350B100D2F9E2 /* Products */,
			);
			sourceTree = "<group>";
		};
		C64C2319278350B100D2F9E2 /* Products */ = {
			isa = PBXGroup;
			children = (
				C64C2318278350B100D2F9E2 /* Touchdown.app */,
			);
			name = Products;
			sourceTree = "<group>";
		};
		C64C231A278350B100D2F9E2 /* Touchdown */ = {
			isa = PBXGroup;
			children = (
				C64C23372783527A00D2F9E2 /* Model */,
				C64C23332783526800D2F9E2 /* App */,
				C64C23342783526E00D2F9E2 /* View */,
				C64C23392783528300D2F9E2 /* Utility */,
				C64C23382783527D00D2F9E2 /* Extension */,
				C64C23322783519D00D2F9E2 /* Info.plist */,
				C64C23292783512300D2F9E2 /* Data */,
				C64C231F278350B200D2F9E2 /* Assets.xcassets */,
				C64C2321278350B200D2F9E2 /* Preview Content */,
			);
			path = Touchdown;
			sourceTree = "<group>";
		};
		C64C2321278350B200D2F9E2 /* Preview Content */ = {
			isa = PBXGroup;
			children = (
				C64C2322278350B200D2F9E2 /* Preview Assets.xcassets */,
			);
			path = "Preview Content";
			sourceTree = "<group>";
		};
		C64C23292783512300D2F9E2 /* Data */ = {
			isa = PBXGroup;
			children = (
				C64C232A2783514B00D2F9E2 /* brand.json */,
				C64C232C2783514B00D2F9E2 /* category.json */,
				C64C232B2783514B00D2F9E2 /* player.json */,
				C64C232D2783514B00D2F9E2 /* product.json */,
			);
			path = Data;
			sourceTree = "<group>";
		};
		C64C23332783526800D2F9E2 /* App */ = {
			isa = PBXGroup;
			children = (
				C64C231B278350B100D2F9E2 /* TouchdownApp.swift */,
				C64C231D278350B100D2F9E2 /* ContentView.swift */,
			);
			path = App;
			sourceTree = "<group>";
		};
		C64C23342783526E00D2F9E2 /* View */ = {
			isa = PBXGroup;
			children = (
				C64C23362783527500D2F9E2 /* Detail */,
				C64C23352783527100D2F9E2 /* Home */,
			);
			path = View;
			sourceTree = "<group>";
		};
		C64C23352783527100D2F9E2 /* Home */ = {
			isa = PBXGroup;
			children = (
				C64C233C2783532300D2F9E2 /* FooterView.swift */,
				C64C233E2783579D00D2F9E2 /* NavigationBarView.swift */,
				C64C23402783596000D2F9E2 /* LogoView.swift */,
				C64C2348278537B500D2F9E2 /* FeaturedItemView.swift */,
				C64C234A2785384D00D2F9E2 /* FeaturedTabView.swift */,
				C64C234E278540DA00D2F9E2 /* CategoryItemView.swift */,
				C64C23502785420F00D2F9E2 /* CategoryGridView.swift */,
				C64C23522785451F00D2F9E2 /* SectionView.swift */,
				C64C2354278548EB00D2F9E2 /* TitleView.swift */,
				C64C235827854A1300D2F9E2 /* ProductItemView.swift */,
			);
			path = Home;
			sourceTree = "<group>";
		};
		C64C23362783527500D2F9E2 /* Detail */ = {
			isa = PBXGroup;
			children = (
			);
			path = Detail;
			sourceTree = "<group>";
		};
		C64C23372783527A00D2F9E2 /* Model */ = {
			isa = PBXGroup;
			children = (
				C64C234227835FB400D2F9E2 /* Player.swift */,
				C64C234C27853EDA00D2F9E2 /* Category.swift */,
				C64C2356278549BE00D2F9E2 /* Product.swift */,
			);
			path = Model;
			sourceTree = "<group>";
		};
		C64C23382783527D00D2F9E2 /* Extension */ = {
			isa = PBXGroup;
			children = (
				C64C23442785361700D2F9E2 /* CodableBundleExtension.swift */,
			);
			path = Extension;
			sourceTree = "<group>";
		};
		C64C23392783528300D2F9E2 /* Utility */ = {
			isa = PBXGroup;
			children = (
				C64C233A278352B400D2F9E2 /* Constant.swift */,
			);
			path = Utility;
			sourceTree = "<group>";
		};
/* End PBXGroup section */

/* Begin PBXNativeTarget section */
		C64C2317278350B100D2F9E2 /* Touchdown */ = {
			isa = PBXNativeTarget;
			buildConfigurationList = C64C2326278350B200D2F9E2 /* Build configuration list for PBXNativeTarget "Touchdown" */;
			buildPhases = (
				C64C2314278350B100D2F9E2 /* Sources */,
				C64C2315278350B100D2F9E2 /* Frameworks */,
				C64C2316278350B100D2F9E2 /* Resources */,
			);
			buildRules = (
			);
			dependencies = (
			);
			name = Touchdown;
			productName = Touchdown;
			productReference = C64C2318278350B100D2F9E2 /* Touchdown.app */;
			productType = "com.apple.product-type.application";
		};
/* End PBXNativeTarget section */

/* Begin PBXProject section */
		C64C2310278350B100D2F9E2 /* Project object */ = {
			isa = PBXProject;
			attributes = {
				BuildIndependentTargetsInParallel = 1;
				LastSwiftUpdateCheck = 1320;
				LastUpgradeCheck = 1320;
				TargetAttributes = {
					C64C2317278350B100D2F9E2 = {
						CreatedOnToolsVersion = 13.2.1;
					};
				};
			};
			buildConfigurationList = C64C2313278350B100D2F9E2 /* Build configuration list for PBXProject "Touchdown" */;
			compatibilityVersion = "Xcode 13.0";
			developmentRegion = en;
			hasScannedForEncodings = 0;
			knownRegions = (
				en,
				Base,
			);
			mainGroup = C64C230F278350B100D2F9E2;
			productRefGroup = C64C2319278350B100D2F9E2 /* Products */;
			projectDirPath = "";
			projectRoot = "";
			targets = (
				C64C2317278350B100D2F9E2 /* Touchdown */,
			);
		};
/* End PBXProject section */

/* Begin PBXResourcesBuildPhase section */
		C64C2316278350B100D2F9E2 /* Resources */ = {
			isa = PBXResourcesBuildPhase;
			buildActionMask = 2147483647;
			files = (
				C64C232F2783514B00D2F9E2 /* player.json in Resources */,
				C64C2323278350B200D2F9E2 /* Preview Assets.xcassets in Resources */,
				C64C23302783514B00D2F9E2 /* category.json in Resources */,
				C64C2320278350B200D2F9E2 /* Assets.xcassets in Resources */,
				C64C232E2783514B00D2F9E2 /* brand.json in Resources */,
				C64C23312783514B00D2F9E2 /* product.json in Resources */,
			);
			runOnlyForDeploymentPostprocessing = 0;
		};
/* End PBXResourcesBuildPhase section */

/* Begin PBXSourcesBuildPhase section */
		C64C2314278350B100D2F9E2 /* Sources */ = {
			isa = PBXSourcesBuildPhase;
			buildActionMask = 2147483647;
			files = (
				C64C23452785361700D2F9E2 /* CodableBundleExtension.swift in Sources */,
				C64C231E278350B100D2F9E2 /* ContentView.swift in Sources */,
				C64C23412783596000D2F9E2 /* LogoView.swift in Sources */,
				C64C233D2783532300D2F9E2 /* FooterView.swift in Sources */,
				C64C2349278537B500D2F9E2 /* FeaturedItemView.swift in Sources */,
				C64C235927854A1300D2F9E2 /* ProductItemView.swift in Sources */,
				C64C234D27853EDA00D2F9E2 /* Category.swift in Sources */,
				C64C231C278350B100D2F9E2 /* TouchdownApp.swift in Sources */,
				C64C23512785420F00D2F9E2 /* CategoryGridView.swift in Sources */,
				C64C234327835FB400D2F9E2 /* Player.swift in Sources */,
				C64C2357278549BE00D2F9E2 /* Product.swift in Sources */,
				C64C233B278352B400D2F9E2 /* Constant.swift in Sources */,
				C64C23532785451F00D2F9E2 /* SectionView.swift in Sources */,
				C64C234F278540DA00D2F9E2 /* CategoryItemView.swift in Sources */,
				C64C234B2785384D00D2F9E2 /* FeaturedTabView.swift in Sources */,
				C64C233F2783579D00D2F9E2 /* NavigationBarView.swift in Sources */,
				C64C2355278548EB00D2F9E2 /* TitleView.swift in Sources */,
			);
			runOnlyForDeploymentPostprocessing = 0;
		};
/* End PBXSourcesBuildPhase section */

/* Begin XCBuildConfiguration section */
		C64C2324278350B200D2F9E2 /* Debug */ = {
			isa = XCBuildConfiguration;
			buildSettings = {
				ALWAYS_SEARCH_USER_PATHS = NO;
				CLANG_ANALYZER_NONNULL = YES;
				CLANG_ANALYZER_NUMBER_OBJECT_CONVERSION = YES_AGGRESSIVE;
				CLANG_CXX_LANGUAGE_STANDARD = "gnu++17";
				CLANG_CXX_LIBRARY = "libc++";
				CLANG_ENABLE_MODULES = YES;
				CLANG_ENABLE_OBJC_ARC = YES;
				CLANG_ENABLE_OBJC_WEAK = YES;
				CLANG_WARN_BLOCK_CAPTURE_AUTORELEASING = YES;
				CLANG_WARN_BOOL_CONVERSION = YES;
				CLANG_WARN_COMMA = YES;
				CLANG_WARN_CONSTANT_CONVERSION = YES;
				CLANG_WARN_DEPRECATED_OBJC_IMPLEMENTATIONS = YES;
				CLANG_WARN_DIRECT_OBJC_ISA_USAGE = YES_ERROR;
				CLANG_WARN_DOCUMENTATION_COMMENTS = YES;
				CLANG_WARN_EMPTY_BODY = YES;
				CLANG_WARN_ENUM_CONVERSION = YES;
				CLANG_WARN_INFINITE_RECURSION = YES;
				CLANG_WARN_INT_CONVERSION = YES;
				CLANG_WARN_NON_LITERAL_NULL_CONVERSION = YES;
				CLANG_WARN_OBJC_IMPLICIT_RETAIN_SELF = YES;
				CLANG_WARN_OBJC_LITERAL_CONVERSION = YES;
				CLANG_WARN_OBJC_ROOT_CLASS = YES_ERROR;
				CLANG_WARN_QUOTED_INCLUDE_IN_FRAMEWORK_HEADER = YES;
				CLANG_WARN_RANGE_LOOP_ANALYSIS = YES;
				CLANG_WARN_STRICT_PROTOTYPES = YES;
				CLANG_WARN_SUSPICIOUS_MOVE = YES;
				CLANG_WARN_UNGUARDED_AVAILABILITY = YES_AGGRESSIVE;
				CLANG_WARN_UNREACHABLE_CODE = YES;
				CLANG_WARN__DUPLICATE_METHOD_MATCH = YES;
				COPY_PHASE_STRIP = NO;
				DEBUG_INFORMATION_FORMAT = dwarf;
				ENABLE_STRICT_OBJC_MSGSEND = YES;
				ENABLE_TESTABILITY = YES;
				GCC_C_LANGUAGE_STANDARD = gnu11;
				GCC_DYNAMIC_NO_PIC = NO;
				GCC_NO_COMMON_BLOCKS = YES;
				GCC_OPTIMIZATION_LEVEL = 0;
				GCC_PREPROCESSOR_DEFINITIONS = (
					"DEBUG=1",
					"$(inherited)",
				);
				GCC_WARN_64_TO_32_BIT_CONVERSION = YES;
				GCC_WARN_ABOUT_RETURN_TYPE = YES_ERROR;
				GCC_WARN_UNDECLARED_SELECTOR = YES;
				GCC_WARN_UNINITIALIZED_AUTOS = YES_AGGRESSIVE;
				GCC_WARN_UNUSED_FUNCTION = YES;
				GCC_WARN_UNUSED_VARIABLE = YES;
				IPHONEOS_DEPLOYMENT_TARGET = 15.2;
				MTL_ENABLE_DEBUG_INFO = INCLUDE_SOURCE;
				MTL_FAST_MATH = YES;
				ONLY_ACTIVE_ARCH = YES;
				SDKROOT = iphoneos;
				SWIFT_ACTIVE_COMPILATION_CONDITIONS = DEBUG;
				SWIFT_OPTIMIZATION_LEVEL = "-Onone";
			};
			name = Debug;
		};
		C64C2325278350B200D2F9E2 /* Release */ = {
			isa = XCBuildConfiguration;
			buildSettings = {
				ALWAYS_SEARCH_USER_PATHS = NO;
				CLANG_ANALYZER_NONNULL = YES;
				CLANG_ANALYZER_NUMBER_OBJECT_CONVERSION = YES_AGGRESSIVE;
				CLANG_CXX_LANGUAGE_STANDARD = "gnu++17";
				CLANG_CXX_LIBRARY = "libc++";
				CLANG_ENABLE_MODULES = YES;
				CLANG_ENABLE_OBJC_ARC = YES;
				CLANG_ENABLE_OBJC_WEAK = YES;
				CLANG_WARN_BLOCK_CAPTURE_AUTORELEASING = YES;
				CLANG_WARN_BOOL_CONVERSION = YES;
				CLANG_WARN_COMMA = YES;
				CLANG_WARN_CONSTANT_CONVERSION = YES;
				CLANG_WARN_DEPRECATED_OBJC_IMPLEMENTATIONS = YES;
				CLANG_WARN_DIRECT_OBJC_ISA_USAGE = YES_ERROR;
				CLANG_WARN_DOCUMENTATION_COMMENTS = YES;
				CLANG_WARN_EMPTY_BODY = YES;
				CLANG_WARN_ENUM_CONVERSION = YES;
				CLANG_WARN_INFINITE_RECURSION = YES;
				CLANG_WARN_INT_CONVERSION = YES;
				CLANG_WARN_NON_LITERAL_NULL_CONVERSION = YES;
				CLANG_WARN_OBJC_IMPLICIT_RETAIN_SELF = YES;
				CLANG_WARN_OBJC_LITERAL_CONVERSION = YES;
				CLANG_WARN_OBJC_ROOT_CLASS = YES_ERROR;
				CLANG_WARN_QUOTED_INCLUDE_IN_FRAMEWORK_HEADER = YES;
				CLANG_WARN_RANGE_LOOP_ANALYSIS = YES;
				CLANG_WARN_STRICT_PROTOTYPES = YES;
				CLANG_WARN_SUSPICIOUS_MOVE = YES;
				CLANG_WARN_UNGUARDED_AVAILABILITY = YES_AGGRESSIVE;
				CLANG_WARN_UNREACHABLE_CODE = YES;
				CLANG_WARN__DUPLICATE_METHOD_MATCH = YES;
				COPY_PHASE_STRIP = NO;
				DEBUG_INFORMATION_FORMAT = "dwarf-with-dsym";
				ENABLE_NS_ASSERTIONS = NO;
				ENABLE_STRICT_OBJC_MSGSEND = YES;
				GCC_C_LANGUAGE_STANDARD = gnu11;
				GCC_NO_COMMON_BLOCKS = YES;
				GCC_WARN_64_TO_32_BIT_CONVERSION = YES;
				GCC_WARN_ABOUT_RETURN_TYPE = YES_ERROR;
				GCC_WARN_UNDECLARED_SELECTOR = YES;
				GCC_WARN_UNINITIALIZED_AUTOS = YES_AGGRESSIVE;
				GCC_WARN_UNUSED_FUNCTION = YES;
				GCC_WARN_UNUSED_VARIABLE = YES;
				IPHONEOS_DEPLOYMENT_TARGET = 15.2;
				MTL_ENABLE_DEBUG_INFO = NO;
				MTL_FAST_MATH = YES;
				SDKROOT = iphoneos;
				SWIFT_COMPILATION_MODE = wholemodule;
				SWIFT_OPTIMIZATION_LEVEL = "-O";
				VALIDATE_PRODUCT = YES;
			};
			name = Release;
		};
		C64C2327278350B200D2F9E2 /* Debug */ = {
			isa = XCBuildConfiguration;
			buildSettings = {
				ASSETCATALOG_COMPILER_APPICON_NAME = AppIcon;
				ASSETCATALOG_COMPILER_GLOBAL_ACCENT_COLOR_NAME = AccentColor;
				CODE_SIGN_STYLE = Automatic;
				CURRENT_PROJECT_VERSION = 1;
				DEVELOPMENT_ASSET_PATHS = "\"Touchdown/Preview Content\"";
				DEVELOPMENT_TEAM = VG92JZ53Y3;
				ENABLE_PREVIEWS = YES;
				GENERATE_INFOPLIST_FILE = YES;
				INFOPLIST_FILE = Touchdown/Info.plist;
				INFOPLIST_KEY_UIApplicationSceneManifest_Generation = YES;
				INFOPLIST_KEY_UIApplicationSupportsIndirectInputEvents = YES;
				INFOPLIST_KEY_UISupportedInterfaceOrientations = UIInterfaceOrientationPortrait;
				INFOPLIST_KEY_UISupportedInterfaceOrientations_iPad = "UIInterfaceOrientationPortrait UIInterfaceOrientationPortraitUpsideDown UIInterfaceOrientationLandscapeLeft UIInterfaceOrientationLandscapeRight";
				INFOPLIST_KEY_UISupportedInterfaceOrientations_iPhone = "UIInterfaceOrientationPortrait UIInterfaceOrientationLandscapeLeft UIInterfaceOrientationLandscapeRight";
				INFOPLIST_KEY_UIUserInterfaceStyle = Light;
				LD_RUNPATH_SEARCH_PATHS = (
					"$(inherited)",
					"@executable_path/Frameworks",
				);
				MARKETING_VERSION = 1.0;
				PRODUCT_BUNDLE_IDENTIFIER = com.devlogs.touchdown.Touchdown;
				PRODUCT_NAME = "$(TARGET_NAME)";
				SWIFT_EMIT_LOC_STRINGS = YES;
				SWIFT_VERSION = 5.0;
				TARGETED_DEVICE_FAMILY = "1,2";
			};
			name = Debug;
		};
		C64C2328278350B200D2F9E2 /* Release */ = {
			isa = XCBuildConfiguration;
			buildSettings = {
				ASSETCATALOG_COMPILER_APPICON_NAME = AppIcon;
				ASSETCATALOG_COMPILER_GLOBAL_ACCENT_COLOR_NAME = AccentColor;
				CODE_SIGN_STYLE = Automatic;
				CURRENT_PROJECT_VERSION = 1;
				DEVELOPMENT_ASSET_PATHS = "\"Touchdown/Preview Content\"";
				DEVELOPMENT_TEAM = VG92JZ53Y3;
				ENABLE_PREVIEWS = YES;
				GENERATE_INFOPLIST_FILE = YES;
				INFOPLIST_FILE = Touchdown/Info.plist;
				INFOPLIST_KEY_UIApplicationSceneManifest_Generation = YES;
				INFOPLIST_KEY_UIApplicationSupportsIndirectInputEvents = YES;
				INFOPLIST_KEY_UISupportedInterfaceOrientations = UIInterfaceOrientationPortrait;
				INFOPLIST_KEY_UISupportedInterfaceOrientations_iPad = "UIInterfaceOrientationPortrait UIInterfaceOrientationPortraitUpsideDown UIInterfaceOrientationLandscapeLeft UIInterfaceOrientationLandscapeRight";
				INFOPLIST_KEY_UISupportedInterfaceOrientations_iPhone = "UIInterfaceOrientationPortrait UIInterfaceOrientationLandscapeLeft UIInterfaceOrientationLandscapeRight";
				INFOPLIST_KEY_UIUserInterfaceStyle = Light;
				LD_RUNPATH_SEARCH_PATHS = (
					"$(inherited)",
					"@executable_path/Frameworks",
				);
				MARKETING_VERSION = 1.0;
				PRODUCT_BUNDLE_IDENTIFIER = com.devlogs.touchdown.Touchdown;
				PRODUCT_NAME = "$(TARGET_NAME)";
				SWIFT_EMIT_LOC_STRINGS = YES;
				SWIFT_VERSION = 5.0;
				TARGETED_DEVICE_FAMILY = "1,2";
			};
			name = Release;
		};
/* End XCBuildConfiguration section */

/* Begin XCConfigurationList section */
		C64C2313278350B100D2F9E2 /* Build configuration list for PBXProject "Touchdown" */ = {
			isa = XCConfigurationList;
			buildConfigurations = (
				C64C2324278350B200D2F9E2 /* Debug */,
				C64C2325278350B200D2F9E2 /* Release */,
			);
			defaultConfigurationIsVisible = 0;
			defaultConfigurationName = Release;
		};
		C64C2326278350B200D2F9E2 /* Build configuration list for PBXNativeTarget "Touchdown" */ = {
			isa = XCConfigurationList;
			buildConfigurations = (
				C64C2327278350B200D2F9E2 /* Debug */,
				C64C2328278350B200D2F9E2 /* Release */,
			);
			defaultConfigurationIsVisible = 0;
			defaultConfigurationName = Release;
		};
/* End XCConfigurationList section */
	};
	rootObject = C64C2310278350B100D2F9E2 /* Project object */;
}
