// !$*UTF8*$!
{
	archiveVersion = 1;
	classes = {
	};
	objectVersion = 55;
	objects = {

/* Begin PBXBuildFile section */
		C6048F0F277601A6002DDD92 /* AudioPlayer.swift in Sources */ = {isa = PBXBuildFile; fileRef = C6048F0E277601A6002DDD92 /* AudioPlayer.swift */; };
		C64D345B277487A00016BFDA /* BeautyAppApp.swift in Sources */ = {isa = PBXBuildFile; fileRef = C64D345A277487A00016BFDA /* BeautyAppApp.swift */; };
		C64D345D277487A00016BFDA /* ContentView.swift in Sources */ = {isa = PBXBuildFile; fileRef = C64D345C277487A00016BFDA /* ContentView.swift */; };
		C64D345F277487A10016BFDA /* Assets.xcassets in Resources */ = {isa = PBXBuildFile; fileRef = C64D345E277487A10016BFDA /* Assets.xcassets */; };
		C64D3462277487A10016BFDA /* Preview Assets.xcassets in Resources */ = {isa = PBXBuildFile; fileRef = C64D3461277487A10016BFDA /* Preview Assets.xcassets */; };
		C64D346A277489BF0016BFDA /* chimeup.mp3 in Resources */ = {isa = PBXBuildFile; fileRef = C64D3468277489BF0016BFDA /* chimeup.mp3 */; };
		C64D346B277489BF0016BFDA /* success.m4a in Resources */ = {isa = PBXBuildFile; fileRef = C64D3469277489BF0016BFDA /* success.m4a */; };
		C6A65EC027748DBE00EBBF5F /* OnboardingView.swift in Sources */ = {isa = PBXBuildFile; fileRef = C6A65EBF27748DBE00EBBF5F /* OnboardingView.swift */; };
		C6A65EC227748DD000EBBF5F /* HomeView.swift in Sources */ = {isa = PBXBuildFile; fileRef = C6A65EC127748DD000EBBF5F /* HomeView.swift */; };
		C6A65EC527749FE700EBBF5F /*  CircleGroupView.swift in Sources */ = {isa = PBXBuildFile; fileRef = C6A65EC427749FE700EBBF5F /*  CircleGroupView.swift */; };
/* End PBXBuildFile section */

/* Begin PBXFileReference section */
		C6048F0E277601A6002DDD92 /* AudioPlayer.swift */ = {isa = PBXFileReference; lastKnownFileType = sourcecode.swift; path = AudioPlayer.swift; sourceTree = "<group>"; };
		C64D3457277487A00016BFDA /* BeautyApp.app */ = {isa = PBXFileReference; explicitFileType = wrapper.application; includeInIndex = 0; path = BeautyApp.app; sourceTree = BUILT_PRODUCTS_DIR; };
		C64D345A277487A00016BFDA /* BeautyAppApp.swift */ = {isa = PBXFileReference; lastKnownFileType = sourcecode.swift; path = BeautyAppApp.swift; sourceTree = "<group>"; };
		C64D345C277487A00016BFDA /* ContentView.swift */ = {isa = PBXFileReference; lastKnownFileType = sourcecode.swift; path = ContentView.swift; sourceTree = "<group>"; };
		C64D345E277487A10016BFDA /* Assets.xcassets */ = {isa = PBXFileReference; lastKnownFileType = folder.assetcatalog; path = Assets.xcassets; sourceTree = "<group>"; };
		C64D3461277487A10016BFDA /* Preview Assets.xcassets */ = {isa = PBXFileReference; lastKnownFileType = folder.assetcatalog; path = "Preview Assets.xcassets"; sourceTree = "<group>"; };
		C64D3468277489BF0016BFDA /* chimeup.mp3 */ = {isa = PBXFileReference; lastKnownFileType = audio.mp3; path = chimeup.mp3; sourceTree = "<group>"; };
		C64D3469277489BF0016BFDA /* success.m4a */ = {isa = PBXFileReference; lastKnownFileType = file; path = success.m4a; sourceTree = "<group>"; };
		C64D346F27748C830016BFDA /* Info.plist */ = {isa = PBXFileReference; lastKnownFileType = text.plist; path = Info.plist; sourceTree = "<group>"; };
		C6A65EBF27748DBE00EBBF5F /* OnboardingView.swift */ = {isa = PBXFileReference; lastKnownFileType = sourcecode.swift; path = OnboardingView.swift; sourceTree = "<group>"; };
		C6A65EC127748DD000EBBF5F /* HomeView.swift */ = {isa = PBXFileReference; lastKnownFileType = sourcecode.swift; path = HomeView.swift; sourceTree = "<group>"; };
		C6A65EC427749FE700EBBF5F /*  CircleGroupView.swift */ = {isa = PBXFileReference; lastKnownFileType = sourcecode.swift; path = " CircleGroupView.swift"; sourceTree = "<group>"; };
/* End PBXFileReference section */

/* Begin PBXFrameworksBuildPhase section */
		C64D3454277487A00016BFDA /* Frameworks */ = {
			isa = PBXFrameworksBuildPhase;
			buildActionMask = 2147483647;
			files = (
			);
			runOnlyForDeploymentPostprocessing = 0;
		};
/* End PBXFrameworksBuildPhase section */

/* Begin PBXGroup section */
		C64D344E277487A00016BFDA = {
			isa = PBXGroup;
			children = (
				C64D3459277487A00016BFDA /* BeautyApp */,
				C64D3458277487A00016BFDA /* Products */,
			);
			sourceTree = "<group>";
		};
		C64D3458277487A00016BFDA /* Products */ = {
			isa = PBXGroup;
			children = (
				C64D3457277487A00016BFDA /* BeautyApp.app */,
			);
			name = Products;
			sourceTree = "<group>";
		};
		C64D3459277487A00016BFDA /* BeautyApp */ = {
			isa = PBXGroup;
			children = (
				C6A65EC327748DF000EBBF5F /* Screen */,
				C64D346F27748C830016BFDA /* Info.plist */,
				C64D346E27748ADF0016BFDA /* Utilities */,
				C64D346D27748AD40016BFDA /* Views */,
				C64D346C277489C80016BFDA /* Sounds */,
				C64D345A277487A00016BFDA /* BeautyAppApp.swift */,
				C64D345E277487A10016BFDA /* Assets.xcassets */,
				C64D3460277487A10016BFDA /* Preview Content */,
			);
			path = BeautyApp;
			sourceTree = "<group>";
		};
		C64D3460277487A10016BFDA /* Preview Content */ = {
			isa = PBXGroup;
			children = (
				C64D3461277487A10016BFDA /* Preview Assets.xcassets */,
			);
			path = "Preview Content";
			sourceTree = "<group>";
		};
		C64D346C277489C80016BFDA /* Sounds */ = {
			isa = PBXGroup;
			children = (
				C64D3468277489BF0016BFDA /* chimeup.mp3 */,
				C64D3469277489BF0016BFDA /* success.m4a */,
			);
			path = Sounds;
			sourceTree = "<group>";
		};
		C64D346D27748AD40016BFDA /* Views */ = {
			isa = PBXGroup;
			children = (
				C6A65EC427749FE700EBBF5F /*  CircleGroupView.swift */,
			);
			path = Views;
			sourceTree = "<group>";
		};
		C64D346E27748ADF0016BFDA /* Utilities */ = {
			isa = PBXGroup;
			children = (
				C6048F0E277601A6002DDD92 /* AudioPlayer.swift */,
			);
			path = Utilities;
			sourceTree = "<group>";
		};
		C6A65EC327748DF000EBBF5F /* Screen */ = {
			isa = PBXGroup;
			children = (
				C6A65EBF27748DBE00EBBF5F /* OnboardingView.swift */,
				C64D345C277487A00016BFDA /* ContentView.swift */,
				C6A65EC127748DD000EBBF5F /* HomeView.swift */,
			);
			path = Screen;
			sourceTree = "<group>";
		};
/* End PBXGroup section */

/* Begin PBXNativeTarget section */
		C64D3456277487A00016BFDA /* BeautyApp */ = {
			isa = PBXNativeTarget;
			buildConfigurationList = C64D3465277487A10016BFDA /* Build configuration list for PBXNativeTarget "BeautyApp" */;
			buildPhases = (
				C64D3453277487A00016BFDA /* Sources */,
				C64D3454277487A00016BFDA /* Frameworks */,
				C64D3455277487A00016BFDA /* Resources */,
			);
			buildRules = (
			);
			dependencies = (
			);
			name = BeautyApp;
			productName = BeautyApp;
			productReference = C64D3457277487A00016BFDA /* BeautyApp.app */;
			productType = "com.apple.product-type.application";
		};
/* End PBXNativeTarget section */

/* Begin PBXProject section */
		C64D344F277487A00016BFDA /* Project object */ = {
			isa = PBXProject;
			attributes = {
				BuildIndependentTargetsInParallel = 1;
				LastSwiftUpdateCheck = 1310;
				LastUpgradeCheck = 1310;
				TargetAttributes = {
					C64D3456277487A00016BFDA = {
						CreatedOnToolsVersion = 13.1;
					};
				};
			};
			buildConfigurationList = C64D3452277487A00016BFDA /* Build configuration list for PBXProject "BeautyApp" */;
			compatibilityVersion = "Xcode 13.0";
			developmentRegion = en;
			hasScannedForEncodings = 0;
			knownRegions = (
				en,
				Base,
			);
			mainGroup = C64D344E277487A00016BFDA;
			productRefGroup = C64D3458277487A00016BFDA /* Products */;
			projectDirPath = "";
			projectRoot = "";
			targets = (
				C64D3456277487A00016BFDA /* BeautyApp */,
			);
		};
/* End PBXProject section */

/* Begin PBXResourcesBuildPhase section */
		C64D3455277487A00016BFDA /* Resources */ = {
			isa = PBXResourcesBuildPhase;
			buildActionMask = 2147483647;
			files = (
				C64D346B277489BF0016BFDA /* success.m4a in Resources */,
				C64D346A277489BF0016BFDA /* chimeup.mp3 in Resources */,
				C64D3462277487A10016BFDA /* Preview Assets.xcassets in Resources */,
				C64D345F277487A10016BFDA /* Assets.xcassets in Resources */,
			);
			runOnlyForDeploymentPostprocessing = 0;
		};
/* End PBXResourcesBuildPhase section */

/* Begin PBXSourcesBuildPhase section */
		C64D3453277487A00016BFDA /* Sources */ = {
			isa = PBXSourcesBuildPhase;
			buildActionMask = 2147483647;
			files = (
				C6A65EC027748DBE00EBBF5F /* OnboardingView.swift in Sources */,
				C6A65EC227748DD000EBBF5F /* HomeView.swift in Sources */,
				C64D345D277487A00016BFDA /* ContentView.swift in Sources */,
				C6A65EC527749FE700EBBF5F /*  CircleGroupView.swift in Sources */,
				C64D345B277487A00016BFDA /* BeautyAppApp.swift in Sources */,
				C6048F0F277601A6002DDD92 /* AudioPlayer.swift in Sources */,
			);
			runOnlyForDeploymentPostprocessing = 0;
		};
/* End PBXSourcesBuildPhase section */

/* Begin XCBuildConfiguration section */
		C64D3463277487A10016BFDA /* Debug */ = {
			isa = XCBuildConfiguration;
			buildSettings = {
				ALWAYS_SEARCH_USER_PATHS = NO;
				CLANG_ANALYZER_NONNULL = YES;
				CLANG_ANALYZER_NUMBER_OBJECT_CONVERSION = YES_AGGRESSIVE;
				CLANG_CXX_LANGUAGE_STANDARD = "gnu++17";
				CLANG_CXX_LIBRARY = "libc++";
				CLANG_ENABLE_MODULES = YES;
				CLANG_ENABLE_OBJC_ARC = YES;
				CLANG_ENABLE_OBJC_WEAK = YES;
				CLANG_WARN_BLOCK_CAPTURE_AUTORELEASING = YES;
				CLANG_WARN_BOOL_CONVERSION = YES;
				CLANG_WARN_COMMA = YES;
				CLANG_WARN_CONSTANT_CONVERSION = YES;
				CLANG_WARN_DEPRECATED_OBJC_IMPLEMENTATIONS = YES;
				CLANG_WARN_DIRECT_OBJC_ISA_USAGE = YES_ERROR;
				CLANG_WARN_DOCUMENTATION_COMMENTS = YES;
				CLANG_WARN_EMPTY_BODY = YES;
				CLANG_WARN_ENUM_CONVERSION = YES;
				CLANG_WARN_INFINITE_RECURSION = YES;
				CLANG_WARN_INT_CONVERSION = YES;
				CLANG_WARN_NON_LITERAL_NULL_CONVERSION = YES;
				CLANG_WARN_OBJC_IMPLICIT_RETAIN_SELF = YES;
				CLANG_WARN_OBJC_LITERAL_CONVERSION = YES;
				CLANG_WARN_OBJC_ROOT_CLASS = YES_ERROR;
				CLANG_WARN_QUOTED_INCLUDE_IN_FRAMEWORK_HEADER = YES;
				CLANG_WARN_RANGE_LOOP_ANALYSIS = YES;
				CLANG_WARN_STRICT_PROTOTYPES = YES;
				CLANG_WARN_SUSPICIOUS_MOVE = YES;
				CLANG_WARN_UNGUARDED_AVAILABILITY = YES_AGGRESSIVE;
				CLANG_WARN_UNREACHABLE_CODE = YES;
				CLANG_WARN__DUPLICATE_METHOD_MATCH = YES;
				COPY_PHASE_STRIP = NO;
				DEBUG_INFORMATION_FORMAT = dwarf;
				ENABLE_STRICT_OBJC_MSGSEND = YES;
				ENABLE_TESTABILITY = YES;
				GCC_C_LANGUAGE_STANDARD = gnu11;
				GCC_DYNAMIC_NO_PIC = NO;
				GCC_NO_COMMON_BLOCKS = YES;
				GCC_OPTIMIZATION_LEVEL = 0;
				GCC_PREPROCESSOR_DEFINITIONS = (
					"DEBUG=1",
					"$(inherited)",
				);
				GCC_WARN_64_TO_32_BIT_CONVERSION = YES;
				GCC_WARN_ABOUT_RETURN_TYPE = YES_ERROR;
				GCC_WARN_UNDECLARED_SELECTOR = YES;
				GCC_WARN_UNINITIALIZED_AUTOS = YES_AGGRESSIVE;
				GCC_WARN_UNUSED_FUNCTION = YES;
				GCC_WARN_UNUSED_VARIABLE = YES;
				IPHONEOS_DEPLOYMENT_TARGET = 15.0;
				MTL_ENABLE_DEBUG_INFO = INCLUDE_SOURCE;
				MTL_FAST_MATH = YES;
				ONLY_ACTIVE_ARCH = YES;
				SDKROOT = iphoneos;
				SWIFT_ACTIVE_COMPILATION_CONDITIONS = DEBUG;
				SWIFT_OPTIMIZATION_LEVEL = "-Onone";
			};
			name = Debug;
		};
		C64D3464277487A10016BFDA /* Release */ = {
			isa = XCBuildConfiguration;
			buildSettings = {
				ALWAYS_SEARCH_USER_PATHS = NO;
				CLANG_ANALYZER_NONNULL = YES;
				CLANG_ANALYZER_NUMBER_OBJECT_CONVERSION = YES_AGGRESSIVE;
				CLANG_CXX_LANGUAGE_STANDARD = "gnu++17";
				CLANG_CXX_LIBRARY = "libc++";
				CLANG_ENABLE_MODULES = YES;
				CLANG_ENABLE_OBJC_ARC = YES;
				CLANG_ENABLE_OBJC_WEAK = YES;
				CLANG_WARN_BLOCK_CAPTURE_AUTORELEASING = YES;
				CLANG_WARN_BOOL_CONVERSION = YES;
				CLANG_WARN_COMMA = YES;
				CLANG_WARN_CONSTANT_CONVERSION = YES;
				CLANG_WARN_DEPRECATED_OBJC_IMPLEMENTATIONS = YES;
				CLANG_WARN_DIRECT_OBJC_ISA_USAGE = YES_ERROR;
				CLANG_WARN_DOCUMENTATION_COMMENTS = YES;
				CLANG_WARN_EMPTY_BODY = YES;
				CLANG_WARN_ENUM_CONVERSION = YES;
				CLANG_WARN_INFINITE_RECURSION = YES;
				CLANG_WARN_INT_CONVERSION = YES;
				CLANG_WARN_NON_LITERAL_NULL_CONVERSION = YES;
				CLANG_WARN_OBJC_IMPLICIT_RETAIN_SELF = YES;
				CLANG_WARN_OBJC_LITERAL_CONVERSION = YES;
				CLANG_WARN_OBJC_ROOT_CLASS = YES_ERROR;
				CLANG_WARN_QUOTED_INCLUDE_IN_FRAMEWORK_HEADER = YES;
				CLANG_WARN_RANGE_LOOP_ANALYSIS = YES;
				CLANG_WARN_STRICT_PROTOTYPES = YES;
				CLANG_WARN_SUSPICIOUS_MOVE = YES;
				CLANG_WARN_UNGUARDED_AVAILABILITY = YES_AGGRESSIVE;
				CLANG_WARN_UNREACHABLE_CODE = YES;
				CLANG_WARN__DUPLICATE_METHOD_MATCH = YES;
				COPY_PHASE_STRIP = NO;
				DEBUG_INFORMATION_FORMAT = "dwarf-with-dsym";
				ENABLE_NS_ASSERTIONS = NO;
				ENABLE_STRICT_OBJC_MSGSEND = YES;
				GCC_C_LANGUAGE_STANDARD = gnu11;
				GCC_NO_COMMON_BLOCKS = YES;
				GCC_WARN_64_TO_32_BIT_CONVERSION = YES;
				GCC_WARN_ABOUT_RETURN_TYPE = YES_ERROR;
				GCC_WARN_UNDECLARED_SELECTOR = YES;
				GCC_WARN_UNINITIALIZED_AUTOS = YES_AGGRESSIVE;
				GCC_WARN_UNUSED_FUNCTION = YES;
				GCC_WARN_UNUSED_VARIABLE = YES;
				IPHONEOS_DEPLOYMENT_TARGET = 15.0;
				MTL_ENABLE_DEBUG_INFO = NO;
				MTL_FAST_MATH = YES;
				SDKROOT = iphoneos;
				SWIFT_COMPILATION_MODE = wholemodule;
				SWIFT_OPTIMIZATION_LEVEL = "-O";
				VALIDATE_PRODUCT = YES;
			};
			name = Release;
		};
		C64D3466277487A10016BFDA /* Debug */ = {
			isa = XCBuildConfiguration;
			buildSettings = {
				ASSETCATALOG_COMPILER_APPICON_NAME = AppIcon;
				ASSETCATALOG_COMPILER_GLOBAL_ACCENT_COLOR_NAME = AccentColor;
				CODE_SIGN_STYLE = Automatic;
				CURRENT_PROJECT_VERSION = 1;
				DEVELOPMENT_ASSET_PATHS = "\"BeautyApp/Preview Content\"";
				DEVELOPMENT_TEAM = VG92JZ53Y3;
				ENABLE_PREVIEWS = YES;
				GENERATE_INFOPLIST_FILE = YES;
				INFOPLIST_FILE = BeautyApp/Info.plist;
				INFOPLIST_KEY_UIApplicationSceneManifest_Generation = YES;
				INFOPLIST_KEY_UIApplicationSupportsIndirectInputEvents = YES;
				INFOPLIST_KEY_UISupportedInterfaceOrientations = UIInterfaceOrientationPortrait;
				INFOPLIST_KEY_UISupportedInterfaceOrientations_iPad = "UIInterfaceOrientationPortrait UIInterfaceOrientationPortraitUpsideDown UIInterfaceOrientationLandscapeLeft UIInterfaceOrientationLandscapeRight";
				INFOPLIST_KEY_UISupportedInterfaceOrientations_iPhone = UIInterfaceOrientationPortrait;
				IPHONEOS_DEPLOYMENT_TARGET = 15.0;
				LD_RUNPATH_SEARCH_PATHS = (
					"$(inherited)",
					"@executable_path/Frameworks",
				);
				MARKETING_VERSION = 1.0;
				PRODUCT_BUNDLE_IDENTIFIER = com.devlogs.BeautyApp;
				PRODUCT_NAME = "$(TARGET_NAME)";
				SWIFT_EMIT_LOC_STRINGS = YES;
				SWIFT_VERSION = 5.0;
				TARGETED_DEVICE_FAMILY = "1,2";
			};
			name = Debug;
		};
		C64D3467277487A10016BFDA /* Release */ = {
			isa = XCBuildConfiguration;
			buildSettings = {
				ASSETCATALOG_COMPILER_APPICON_NAME = AppIcon;
				ASSETCATALOG_COMPILER_GLOBAL_ACCENT_COLOR_NAME = AccentColor;
				CODE_SIGN_STYLE = Automatic;
				CURRENT_PROJECT_VERSION = 1;
				DEVELOPMENT_ASSET_PATHS = "\"BeautyApp/Preview Content\"";
				DEVELOPMENT_TEAM = VG92JZ53Y3;
				ENABLE_PREVIEWS = YES;
				GENERATE_INFOPLIST_FILE = YES;
				INFOPLIST_FILE = BeautyApp/Info.plist;
				INFOPLIST_KEY_UIApplicationSceneManifest_Generation = YES;
				INFOPLIST_KEY_UIApplicationSupportsIndirectInputEvents = YES;
				INFOPLIST_KEY_UISupportedInterfaceOrientations = UIInterfaceOrientationPortrait;
				INFOPLIST_KEY_UISupportedInterfaceOrientations_iPad = "UIInterfaceOrientationPortrait UIInterfaceOrientationPortraitUpsideDown UIInterfaceOrientationLandscapeLeft UIInterfaceOrientationLandscapeRight";
				INFOPLIST_KEY_UISupportedInterfaceOrientations_iPhone = UIInterfaceOrientationPortrait;
				IPHONEOS_DEPLOYMENT_TARGET = 15.0;
				LD_RUNPATH_SEARCH_PATHS = (
					"$(inherited)",
					"@executable_path/Frameworks",
				);
				MARKETING_VERSION = 1.0;
				PRODUCT_BUNDLE_IDENTIFIER = com.devlogs.BeautyApp;
				PRODUCT_NAME = "$(TARGET_NAME)";
				SWIFT_EMIT_LOC_STRINGS = YES;
				SWIFT_VERSION = 5.0;
				TARGETED_DEVICE_FAMILY = "1,2";
			};
			name = Release;
		};
/* End XCBuildConfiguration section */

/* Begin XCConfigurationList section */
		C64D3452277487A00016BFDA /* Build configuration list for PBXProject "BeautyApp" */ = {
			isa = XCConfigurationList;
			buildConfigurations = (
				C64D3463277487A10016BFDA /* Debug */,
				C64D3464277487A10016BFDA /* Release */,
			);
			defaultConfigurationIsVisible = 0;
			defaultConfigurationName = Release;
		};
		C64D3465277487A10016BFDA /* Build configuration list for PBXNativeTarget "BeautyApp" */ = {
			isa = XCConfigurationList;
			buildConfigurations = (
				C64D3466277487A10016BFDA /* Debug */,
				C64D3467277487A10016BFDA /* Release */,
			);
			defaultConfigurationIsVisible = 0;
			defaultConfigurationName = Release;
		};
/* End XCConfigurationList section */
	};
	rootObject = C64D344F277487A00016BFDA /* Project object */;
}
