// !$*UTF8*$!
{
	archiveVersion = 1;
	classes = {
	};
	objectVersion = 55;
	objects = {

/* Begin PBXBuildFile section */
		C61D4B3A2793C75200ADDC3E /* HeaderView.swift in Sources */ = {isa = PBXBuildFile; fileRef = C61D4B392793C75200ADDC3E /* HeaderView.swift */; };
		C6945DA7278DC624003FED6B /* AvocadosApp.swift in Sources */ = {isa = PBXBuildFile; fileRef = C6945DA6278DC624003FED6B /* AvocadosApp.swift */; };
		C6945DA9278DC624003FED6B /* ContentView.swift in Sources */ = {isa = PBXBuildFile; fileRef = C6945DA8278DC624003FED6B /* ContentView.swift */; };
		C6945DAB278DC625003FED6B /* Assets.xcassets in Resources */ = {isa = PBXBuildFile; fileRef = C6945DAA278DC625003FED6B /* Assets.xcassets */; };
		C6945DAE278DC625003FED6B /* Preview Assets.xcassets in Resources */ = {isa = PBXBuildFile; fileRef = C6945DAD278DC625003FED6B /* Preview Assets.xcassets */; };
		C6945DB0278DC625003FED6B /* Persistence.swift in Sources */ = {isa = PBXBuildFile; fileRef = C6945DAF278DC625003FED6B /* Persistence.swift */; };
		C6945DB3278DC625003FED6B /* Avocados.xcdatamodeld in Sources */ = {isa = PBXBuildFile; fileRef = C6945DB1278DC625003FED6B /* Avocados.xcdatamodeld */; };
		C6945DBA278DD041003FED6B /* Launch Screen.storyboard in Resources */ = {isa = PBXBuildFile; fileRef = C6945DB9278DD041003FED6B /* Launch Screen.storyboard */; };
		C6945DBF278E6AC3003FED6B /* MainView.swift in Sources */ = {isa = PBXBuildFile; fileRef = C6945DBE278E6AC3003FED6B /* MainView.swift */; };
		C6945DC1278E6AE5003FED6B /* RecipesView.swift in Sources */ = {isa = PBXBuildFile; fileRef = C6945DC0278E6AE5003FED6B /* RecipesView.swift */; };
		C6945DC3278E6B08003FED6B /* RepeningView.swift in Sources */ = {isa = PBXBuildFile; fileRef = C6945DC2278E6B08003FED6B /* RepeningView.swift */; };
		C6945DC5278E6B17003FED6B /* AvocadosView.swift in Sources */ = {isa = PBXBuildFile; fileRef = C6945DC4278E6B17003FED6B /* AvocadosView.swift */; };
		C6945DC7278E6B25003FED6B /* SettingsView.swift in Sources */ = {isa = PBXBuildFile; fileRef = C6945DC6278E6B25003FED6B /* SettingsView.swift */; };
		C6A457572795BB79002B11C8 /* HeaderModel.swift in Sources */ = {isa = PBXBuildFile; fileRef = C6A457562795BB79002B11C8 /* HeaderModel.swift */; };
		C6A457592795BBA9002B11C8 /* HeaderData.swift in Sources */ = {isa = PBXBuildFile; fileRef = C6A457582795BBA9002B11C8 /* HeaderData.swift */; };
		C6A4575B2795C181002B11C8 /* DishesItemView.swift in Sources */ = {isa = PBXBuildFile; fileRef = C6A4575A2795C181002B11C8 /* DishesItemView.swift */; };
/* End PBXBuildFile section */

/* Begin PBXFileReference section */
		C61D4B392793C75200ADDC3E /* HeaderView.swift */ = {isa = PBXFileReference; lastKnownFileType = sourcecode.swift; path = HeaderView.swift; sourceTree = "<group>"; };
		C6945DA3278DC624003FED6B /* Avocados.app */ = {isa = PBXFileReference; explicitFileType = wrapper.application; includeInIndex = 0; path = Avocados.app; sourceTree = BUILT_PRODUCTS_DIR; };
		C6945DA6278DC624003FED6B /* AvocadosApp.swift */ = {isa = PBXFileReference; lastKnownFileType = sourcecode.swift; path = AvocadosApp.swift; sourceTree = "<group>"; };
		C6945DA8278DC624003FED6B /* ContentView.swift */ = {isa = PBXFileReference; lastKnownFileType = sourcecode.swift; path = ContentView.swift; sourceTree = "<group>"; };
		C6945DAA278DC625003FED6B /* Assets.xcassets */ = {isa = PBXFileReference; lastKnownFileType = folder.assetcatalog; path = Assets.xcassets; sourceTree = "<group>"; };
		C6945DAD278DC625003FED6B /* Preview Assets.xcassets */ = {isa = PBXFileReference; lastKnownFileType = folder.assetcatalog; path = "Preview Assets.xcassets"; sourceTree = "<group>"; };
		C6945DAF278DC625003FED6B /* Persistence.swift */ = {isa = PBXFileReference; lastKnownFileType = sourcecode.swift; path = Persistence.swift; sourceTree = "<group>"; };
		C6945DB2278DC625003FED6B /* Avocados.xcdatamodel */ = {isa = PBXFileReference; lastKnownFileType = wrapper.xcdatamodel; path = Avocados.xcdatamodel; sourceTree = "<group>"; };
		C6945DB9278DD041003FED6B /* Launch Screen.storyboard */ = {isa = PBXFileReference; lastKnownFileType = file.storyboard; path = "Launch Screen.storyboard"; sourceTree = "<group>"; };
		C6945DBE278E6AC3003FED6B /* MainView.swift */ = {isa = PBXFileReference; lastKnownFileType = sourcecode.swift; path = MainView.swift; sourceTree = "<group>"; };
		C6945DC0278E6AE5003FED6B /* RecipesView.swift */ = {isa = PBXFileReference; lastKnownFileType = sourcecode.swift; path = RecipesView.swift; sourceTree = "<group>"; };
		C6945DC2278E6B08003FED6B /* RepeningView.swift */ = {isa = PBXFileReference; lastKnownFileType = sourcecode.swift; path = RepeningView.swift; sourceTree = "<group>"; };
		C6945DC4278E6B17003FED6B /* AvocadosView.swift */ = {isa = PBXFileReference; lastKnownFileType = sourcecode.swift; path = AvocadosView.swift; sourceTree = "<group>"; };
		C6945DC6278E6B25003FED6B /* SettingsView.swift */ = {isa = PBXFileReference; lastKnownFileType = sourcecode.swift; path = SettingsView.swift; sourceTree = "<group>"; };
		C6A457562795BB79002B11C8 /* HeaderModel.swift */ = {isa = PBXFileReference; lastKnownFileType = sourcecode.swift; path = HeaderModel.swift; sourceTree = "<group>"; };
		C6A457582795BBA9002B11C8 /* HeaderData.swift */ = {isa = PBXFileReference; lastKnownFileType = sourcecode.swift; path = HeaderData.swift; sourceTree = "<group>"; };
		C6A4575A2795C181002B11C8 /* DishesItemView.swift */ = {isa = PBXFileReference; lastKnownFileType = sourcecode.swift; path = DishesItemView.swift; sourceTree = "<group>"; };
/* End PBXFileReference section */

/* Begin PBXFrameworksBuildPhase section */
		C6945DA0278DC624003FED6B /* Frameworks */ = {
			isa = PBXFrameworksBuildPhase;
			buildActionMask = 2147483647;
			files = (
			);
			runOnlyForDeploymentPostprocessing = 0;
		};
/* End PBXFrameworksBuildPhase section */

/* Begin PBXGroup section */
		C6945D9A278DC624003FED6B = {
			isa = PBXGroup;
			children = (
				C6945DA5278DC624003FED6B /* Avocados */,
				C6945DA4278DC624003FED6B /* Products */,
			);
			sourceTree = "<group>";
		};
		C6945DA4278DC624003FED6B /* Products */ = {
			isa = PBXGroup;
			children = (
				C6945DA3278DC624003FED6B /* Avocados.app */,
			);
			name = Products;
			sourceTree = "<group>";
		};
		C6945DA5278DC624003FED6B /* Avocados */ = {
			isa = PBXGroup;
			children = (
				C6A457552795BB6F002B11C8 /* Model */,
				C6945DBD278E693D003FED6B /* Data */,
				C6945DBC278E692B003FED6B /* Views */,
				C6945DBB278E6926003FED6B /* App */,
				C6945DAA278DC625003FED6B /* Assets.xcassets */,
				C6945DAC278DC625003FED6B /* Preview Content */,
				C6945DB9278DD041003FED6B /* Launch Screen.storyboard */,
			);
			path = Avocados;
			sourceTree = "<group>";
		};
		C6945DAC278DC625003FED6B /* Preview Content */ = {
			isa = PBXGroup;
			children = (
				C6945DAD278DC625003FED6B /* Preview Assets.xcassets */,
			);
			path = "Preview Content";
			sourceTree = "<group>";
		};
		C6945DBB278E6926003FED6B /* App */ = {
			isa = PBXGroup;
			children = (
				C6945DA8278DC624003FED6B /* ContentView.swift */,
				C6945DA6278DC624003FED6B /* AvocadosApp.swift */,
				C6945DBE278E6AC3003FED6B /* MainView.swift */,
				C6945DC0278E6AE5003FED6B /* RecipesView.swift */,
				C6945DC2278E6B08003FED6B /* RepeningView.swift */,
				C6945DC4278E6B17003FED6B /* AvocadosView.swift */,
				C6945DC6278E6B25003FED6B /* SettingsView.swift */,
				C61D4B392793C75200ADDC3E /* HeaderView.swift */,
			);
			path = App;
			sourceTree = "<group>";
		};
		C6945DBC278E692B003FED6B /* Views */ = {
			isa = PBXGroup;
			children = (
				C6A4575A2795C181002B11C8 /* DishesItemView.swift */,
			);
			path = Views;
			sourceTree = "<group>";
		};
		C6945DBD278E693D003FED6B /* Data */ = {
			isa = PBXGroup;
			children = (
				C6945DAF278DC625003FED6B /* Persistence.swift */,
				C6945DB1278DC625003FED6B /* Avocados.xcdatamodeld */,
				C6A457582795BBA9002B11C8 /* HeaderData.swift */,
			);
			path = Data;
			sourceTree = "<group>";
		};
		C6A457552795BB6F002B11C8 /* Model */ = {
			isa = PBXGroup;
			children = (
				C6A457562795BB79002B11C8 /* HeaderModel.swift */,
			);
			path = Model;
			sourceTree = "<group>";
		};
/* End PBXGroup section */

/* Begin PBXNativeTarget section */
		C6945DA2278DC624003FED6B /* Avocados */ = {
			isa = PBXNativeTarget;
			buildConfigurationList = C6945DB6278DC625003FED6B /* Build configuration list for PBXNativeTarget "Avocados" */;
			buildPhases = (
				C6945D9F278DC624003FED6B /* Sources */,
				C6945DA0278DC624003FED6B /* Frameworks */,
				C6945DA1278DC624003FED6B /* Resources */,
			);
			buildRules = (
			);
			dependencies = (
			);
			name = Avocados;
			productName = Avocados;
			productReference = C6945DA3278DC624003FED6B /* Avocados.app */;
			productType = "com.apple.product-type.application";
		};
/* End PBXNativeTarget section */

/* Begin PBXProject section */
		C6945D9B278DC624003FED6B /* Project object */ = {
			isa = PBXProject;
			attributes = {
				BuildIndependentTargetsInParallel = 1;
				LastSwiftUpdateCheck = 1320;
				LastUpgradeCheck = 1320;
				TargetAttributes = {
					C6945DA2278DC624003FED6B = {
						CreatedOnToolsVersion = 13.2.1;
					};
				};
			};
			buildConfigurationList = C6945D9E278DC624003FED6B /* Build configuration list for PBXProject "Avocados" */;
			compatibilityVersion = "Xcode 13.0";
			developmentRegion = en;
			hasScannedForEncodings = 0;
			knownRegions = (
				en,
				Base,
			);
			mainGroup = C6945D9A278DC624003FED6B;
			productRefGroup = C6945DA4278DC624003FED6B /* Products */;
			projectDirPath = "";
			projectRoot = "";
			targets = (
				C6945DA2278DC624003FED6B /* Avocados */,
			);
		};
/* End PBXProject section */

/* Begin PBXResourcesBuildPhase section */
		C6945DA1278DC624003FED6B /* Resources */ = {
			isa = PBXResourcesBuildPhase;
			buildActionMask = 2147483647;
			files = (
				C6945DBA278DD041003FED6B /* Launch Screen.storyboard in Resources */,
				C6945DAE278DC625003FED6B /* Preview Assets.xcassets in Resources */,
				C6945DAB278DC625003FED6B /* Assets.xcassets in Resources */,
			);
			runOnlyForDeploymentPostprocessing = 0;
		};
/* End PBXResourcesBuildPhase section */

/* Begin PBXSourcesBuildPhase section */
		C6945D9F278DC624003FED6B /* Sources */ = {
			isa = PBXSourcesBuildPhase;
			buildActionMask = 2147483647;
			files = (
				C6945DC5278E6B17003FED6B /* AvocadosView.swift in Sources */,
				C6A457572795BB79002B11C8 /* HeaderModel.swift in Sources */,
				C6945DB0278DC625003FED6B /* Persistence.swift in Sources */,
				C6945DB3278DC625003FED6B /* Avocados.xcdatamodeld in Sources */,
				C6945DC7278E6B25003FED6B /* SettingsView.swift in Sources */,
				C6945DA9278DC624003FED6B /* ContentView.swift in Sources */,
				C61D4B3A2793C75200ADDC3E /* HeaderView.swift in Sources */,
				C6945DBF278E6AC3003FED6B /* MainView.swift in Sources */,
				C6945DC3278E6B08003FED6B /* RepeningView.swift in Sources */,
				C6945DC1278E6AE5003FED6B /* RecipesView.swift in Sources */,
				C6A457592795BBA9002B11C8 /* HeaderData.swift in Sources */,
				C6945DA7278DC624003FED6B /* AvocadosApp.swift in Sources */,
				C6A4575B2795C181002B11C8 /* DishesItemView.swift in Sources */,
			);
			runOnlyForDeploymentPostprocessing = 0;
		};
/* End PBXSourcesBuildPhase section */

/* Begin XCBuildConfiguration section */
		C6945DB4278DC625003FED6B /* Debug */ = {
			isa = XCBuildConfiguration;
			buildSettings = {
				ALWAYS_SEARCH_USER_PATHS = NO;
				CLANG_ANALYZER_NONNULL = YES;
				CLANG_ANALYZER_NUMBER_OBJECT_CONVERSION = YES_AGGRESSIVE;
				CLANG_CXX_LANGUAGE_STANDARD = "gnu++17";
				CLANG_CXX_LIBRARY = "libc++";
				CLANG_ENABLE_MODULES = YES;
				CLANG_ENABLE_OBJC_ARC = YES;
				CLANG_ENABLE_OBJC_WEAK = YES;
				CLANG_WARN_BLOCK_CAPTURE_AUTORELEASING = YES;
				CLANG_WARN_BOOL_CONVERSION = YES;
				CLANG_WARN_COMMA = YES;
				CLANG_WARN_CONSTANT_CONVERSION = YES;
				CLANG_WARN_DEPRECATED_OBJC_IMPLEMENTATIONS = YES;
				CLANG_WARN_DIRECT_OBJC_ISA_USAGE = YES_ERROR;
				CLANG_WARN_DOCUMENTATION_COMMENTS = YES;
				CLANG_WARN_EMPTY_BODY = YES;
				CLANG_WARN_ENUM_CONVERSION = YES;
				CLANG_WARN_INFINITE_RECURSION = YES;
				CLANG_WARN_INT_CONVERSION = YES;
				CLANG_WARN_NON_LITERAL_NULL_CONVERSION = YES;
				CLANG_WARN_OBJC_IMPLICIT_RETAIN_SELF = YES;
				CLANG_WARN_OBJC_LITERAL_CONVERSION = YES;
				CLANG_WARN_OBJC_ROOT_CLASS = YES_ERROR;
				CLANG_WARN_QUOTED_INCLUDE_IN_FRAMEWORK_HEADER = YES;
				CLANG_WARN_RANGE_LOOP_ANALYSIS = YES;
				CLANG_WARN_STRICT_PROTOTYPES = YES;
				CLANG_WARN_SUSPICIOUS_MOVE = YES;
				CLANG_WARN_UNGUARDED_AVAILABILITY = YES_AGGRESSIVE;
				CLANG_WARN_UNREACHABLE_CODE = YES;
				CLANG_WARN__DUPLICATE_METHOD_MATCH = YES;
				COPY_PHASE_STRIP = NO;
				DEBUG_INFORMATION_FORMAT = dwarf;
				ENABLE_STRICT_OBJC_MSGSEND = YES;
				ENABLE_TESTABILITY = YES;
				GCC_C_LANGUAGE_STANDARD = gnu11;
				GCC_DYNAMIC_NO_PIC = NO;
				GCC_NO_COMMON_BLOCKS = YES;
				GCC_OPTIMIZATION_LEVEL = 0;
				GCC_PREPROCESSOR_DEFINITIONS = (
					"DEBUG=1",
					"$(inherited)",
				);
				GCC_WARN_64_TO_32_BIT_CONVERSION = YES;
				GCC_WARN_ABOUT_RETURN_TYPE = YES_ERROR;
				GCC_WARN_UNDECLARED_SELECTOR = YES;
				GCC_WARN_UNINITIALIZED_AUTOS = YES_AGGRESSIVE;
				GCC_WARN_UNUSED_FUNCTION = YES;
				GCC_WARN_UNUSED_VARIABLE = YES;
				IPHONEOS_DEPLOYMENT_TARGET = 15.2;
				MTL_ENABLE_DEBUG_INFO = INCLUDE_SOURCE;
				MTL_FAST_MATH = YES;
				ONLY_ACTIVE_ARCH = YES;
				SDKROOT = iphoneos;
				SWIFT_ACTIVE_COMPILATION_CONDITIONS = DEBUG;
				SWIFT_OPTIMIZATION_LEVEL = "-Onone";
			};
			name = Debug;
		};
		C6945DB5278DC625003FED6B /* Release */ = {
			isa = XCBuildConfiguration;
			buildSettings = {
				ALWAYS_SEARCH_USER_PATHS = NO;
				CLANG_ANALYZER_NONNULL = YES;
				CLANG_ANALYZER_NUMBER_OBJECT_CONVERSION = YES_AGGRESSIVE;
				CLANG_CXX_LANGUAGE_STANDARD = "gnu++17";
				CLANG_CXX_LIBRARY = "libc++";
				CLANG_ENABLE_MODULES = YES;
				CLANG_ENABLE_OBJC_ARC = YES;
				CLANG_ENABLE_OBJC_WEAK = YES;
				CLANG_WARN_BLOCK_CAPTURE_AUTORELEASING = YES;
				CLANG_WARN_BOOL_CONVERSION = YES;
				CLANG_WARN_COMMA = YES;
				CLANG_WARN_CONSTANT_CONVERSION = YES;
				CLANG_WARN_DEPRECATED_OBJC_IMPLEMENTATIONS = YES;
				CLANG_WARN_DIRECT_OBJC_ISA_USAGE = YES_ERROR;
				CLANG_WARN_DOCUMENTATION_COMMENTS = YES;
				CLANG_WARN_EMPTY_BODY = YES;
				CLANG_WARN_ENUM_CONVERSION = YES;
				CLANG_WARN_INFINITE_RECURSION = YES;
				CLANG_WARN_INT_CONVERSION = YES;
				CLANG_WARN_NON_LITERAL_NULL_CONVERSION = YES;
				CLANG_WARN_OBJC_IMPLICIT_RETAIN_SELF = YES;
				CLANG_WARN_OBJC_LITERAL_CONVERSION = YES;
				CLANG_WARN_OBJC_ROOT_CLASS = YES_ERROR;
				CLANG_WARN_QUOTED_INCLUDE_IN_FRAMEWORK_HEADER = YES;
				CLANG_WARN_RANGE_LOOP_ANALYSIS = YES;
				CLANG_WARN_STRICT_PROTOTYPES = YES;
				CLANG_WARN_SUSPICIOUS_MOVE = YES;
				CLANG_WARN_UNGUARDED_AVAILABILITY = YES_AGGRESSIVE;
				CLANG_WARN_UNREACHABLE_CODE = YES;
				CLANG_WARN__DUPLICATE_METHOD_MATCH = YES;
				COPY_PHASE_STRIP = NO;
				DEBUG_INFORMATION_FORMAT = "dwarf-with-dsym";
				ENABLE_NS_ASSERTIONS = NO;
				ENABLE_STRICT_OBJC_MSGSEND = YES;
				GCC_C_LANGUAGE_STANDARD = gnu11;
				GCC_NO_COMMON_BLOCKS = YES;
				GCC_WARN_64_TO_32_BIT_CONVERSION = YES;
				GCC_WARN_ABOUT_RETURN_TYPE = YES_ERROR;
				GCC_WARN_UNDECLARED_SELECTOR = YES;
				GCC_WARN_UNINITIALIZED_AUTOS = YES_AGGRESSIVE;
				GCC_WARN_UNUSED_FUNCTION = YES;
				GCC_WARN_UNUSED_VARIABLE = YES;
				IPHONEOS_DEPLOYMENT_TARGET = 15.2;
				MTL_ENABLE_DEBUG_INFO = NO;
				MTL_FAST_MATH = YES;
				SDKROOT = iphoneos;
				SWIFT_COMPILATION_MODE = wholemodule;
				SWIFT_OPTIMIZATION_LEVEL = "-O";
				VALIDATE_PRODUCT = YES;
			};
			name = Release;
		};
		C6945DB7278DC625003FED6B /* Debug */ = {
			isa = XCBuildConfiguration;
			buildSettings = {
				ASSETCATALOG_COMPILER_APPICON_NAME = AppIcon;
				ASSETCATALOG_COMPILER_GLOBAL_ACCENT_COLOR_NAME = AccentColor;
				CODE_SIGN_STYLE = Automatic;
				CURRENT_PROJECT_VERSION = 1;
				DEVELOPMENT_ASSET_PATHS = "\"Avocados/Preview Content\"";
				DEVELOPMENT_TEAM = VG92JZ53Y3;
				ENABLE_PREVIEWS = YES;
				GENERATE_INFOPLIST_FILE = YES;
				INFOPLIST_KEY_UIApplicationSceneManifest_Generation = YES;
				INFOPLIST_KEY_UIApplicationSupportsIndirectInputEvents = YES;
				INFOPLIST_KEY_UILaunchScreen_Generation = YES;
				INFOPLIST_KEY_UILaunchStoryboardName = "Launch Screen";
				INFOPLIST_KEY_UISupportedInterfaceOrientations = UIInterfaceOrientationPortrait;
				INFOPLIST_KEY_UISupportedInterfaceOrientations_iPad = "UIInterfaceOrientationPortrait UIInterfaceOrientationPortraitUpsideDown UIInterfaceOrientationLandscapeLeft UIInterfaceOrientationLandscapeRight";
				INFOPLIST_KEY_UISupportedInterfaceOrientations_iPhone = "UIInterfaceOrientationPortrait UIInterfaceOrientationLandscapeLeft UIInterfaceOrientationLandscapeRight";
				LD_RUNPATH_SEARCH_PATHS = (
					"$(inherited)",
					"@executable_path/Frameworks",
				);
				MARKETING_VERSION = 1.0;
				PRODUCT_BUNDLE_IDENTIFIER = com.devlogs.avocados.Avocados;
				PRODUCT_NAME = "$(TARGET_NAME)";
				SWIFT_EMIT_LOC_STRINGS = YES;
				SWIFT_VERSION = 5.0;
				TARGETED_DEVICE_FAMILY = "1,2";
			};
			name = Debug;
		};
		C6945DB8278DC625003FED6B /* Release */ = {
			isa = XCBuildConfiguration;
			buildSettings = {
				ASSETCATALOG_COMPILER_APPICON_NAME = AppIcon;
				ASSETCATALOG_COMPILER_GLOBAL_ACCENT_COLOR_NAME = AccentColor;
				CODE_SIGN_STYLE = Automatic;
				CURRENT_PROJECT_VERSION = 1;
				DEVELOPMENT_ASSET_PATHS = "\"Avocados/Preview Content\"";
				DEVELOPMENT_TEAM = VG92JZ53Y3;
				ENABLE_PREVIEWS = YES;
				GENERATE_INFOPLIST_FILE = YES;
				INFOPLIST_KEY_UIApplicationSceneManifest_Generation = YES;
				INFOPLIST_KEY_UIApplicationSupportsIndirectInputEvents = YES;
				INFOPLIST_KEY_UILaunchScreen_Generation = YES;
				INFOPLIST_KEY_UILaunchStoryboardName = "Launch Screen";
				INFOPLIST_KEY_UISupportedInterfaceOrientations = UIInterfaceOrientationPortrait;
				INFOPLIST_KEY_UISupportedInterfaceOrientations_iPad = "UIInterfaceOrientationPortrait UIInterfaceOrientationPortraitUpsideDown UIInterfaceOrientationLandscapeLeft UIInterfaceOrientationLandscapeRight";
				INFOPLIST_KEY_UISupportedInterfaceOrientations_iPhone = "UIInterfaceOrientationPortrait UIInterfaceOrientationLandscapeLeft UIInterfaceOrientationLandscapeRight";
				LD_RUNPATH_SEARCH_PATHS = (
					"$(inherited)",
					"@executable_path/Frameworks",
				);
				MARKETING_VERSION = 1.0;
				PRODUCT_BUNDLE_IDENTIFIER = com.devlogs.avocados.Avocados;
				PRODUCT_NAME = "$(TARGET_NAME)";
				SWIFT_EMIT_LOC_STRINGS = YES;
				SWIFT_VERSION = 5.0;
				TARGETED_DEVICE_FAMILY = "1,2";
			};
			name = Release;
		};
/* End XCBuildConfiguration section */

/* Begin XCConfigurationList section */
		C6945D9E278DC624003FED6B /* Build configuration list for PBXProject "Avocados" */ = {
			isa = XCConfigurationList;
			buildConfigurations = (
				C6945DB4278DC625003FED6B /* Debug */,
				C6945DB5278DC625003FED6B /* Release */,
			);
			defaultConfigurationIsVisible = 0;
			defaultConfigurationName = Release;
		};
		C6945DB6278DC625003FED6B /* Build configuration list for PBXNativeTarget "Avocados" */ = {
			isa = XCConfigurationList;
			buildConfigurations = (
				C6945DB7278DC625003FED6B /* Debug */,
				C6945DB8278DC625003FED6B /* Release */,
			);
			defaultConfigurationIsVisible = 0;
			defaultConfigurationName = Release;
		};
/* End XCConfigurationList section */

/* Begin XCVersionGroup section */
		C6945DB1278DC625003FED6B /* Avocados.xcdatamodeld */ = {
			isa = XCVersionGroup;
			children = (
				C6945DB2278DC625003FED6B /* Avocados.xcdatamodel */,
			);
			currentVersion = C6945DB2278DC625003FED6B /* Avocados.xcdatamodel */;
			path = Avocados.xcdatamodeld;
			sourceTree = "<group>";
			versionGroupType = wrapper.xcdatamodel;
		};
/* End XCVersionGroup section */
	};
	rootObject = C6945D9B278DC624003FED6B /* Project object */;
}
