// !$*UTF8*$!
{
	archiveVersion = 1;
	classes = {
	};
	objectVersion = 55;
	objects = {

/* Begin PBXBuildFile section */
		C6266DE02789505700544710 /* DevoteApp.swift in Sources */ = {isa = PBXBuildFile; fileRef = C6266DDF2789505700544710 /* DevoteApp.swift */; };
		C6266DE22789505700544710 /* ContentView.swift in Sources */ = {isa = PBXBuildFile; fileRef = C6266DE12789505700544710 /* ContentView.swift */; };
		C6266DE72789505800544710 /* Preview Assets.xcassets in Resources */ = {isa = PBXBuildFile; fileRef = C6266DE62789505800544710 /* Preview Assets.xcassets */; };
		C6266DE92789505800544710 /* Persistence.swift in Sources */ = {isa = PBXBuildFile; fileRef = C6266DE82789505800544710 /* Persistence.swift */; };
		C6266DEC2789505800544710 /* Devote.xcdatamodeld in Sources */ = {isa = PBXBuildFile; fileRef = C6266DEA2789505800544710 /* Devote.xcdatamodeld */; };
		C6266E0127895F1800544710 /* Constants.swift in Sources */ = {isa = PBXBuildFile; fileRef = C6266E0027895F1800544710 /* Constants.swift */; };
		C6266E032789681500544710 /* HideKeyboardExtension.swift in Sources */ = {isa = PBXBuildFile; fileRef = C6266E022789681500544710 /* HideKeyboardExtension.swift */; };
		C6266E0527896ECA00544710 /* BackgroundImageView.swift in Sources */ = {isa = PBXBuildFile; fileRef = C6266E0427896ECA00544710 /* BackgroundImageView.swift */; };
		C6266E0727896F9A00544710 /* NewTaskItemView.swift in Sources */ = {isa = PBXBuildFile; fileRef = C6266E0627896F9A00544710 /* NewTaskItemView.swift */; };
		C65DA543278974830099B27A /* BlankView.swift in Sources */ = {isa = PBXBuildFile; fileRef = C65DA542278974830099B27A /* BlankView.swift */; };
		C6E50D9D2789826D00E1BDF0 /* ListRowItemView.swift in Sources */ = {isa = PBXBuildFile; fileRef = C6E50D9C2789826D00E1BDF0 /* ListRowItemView.swift */; };
		C6E50D9F2789844500E1BDF0 /* CheckboxStyle.swift in Sources */ = {isa = PBXBuildFile; fileRef = C6E50D9E2789844500E1BDF0 /* CheckboxStyle.swift */; };
		C6E50DA1278D497E00E1BDF0 /* AudioPlayer.swift in Sources */ = {isa = PBXBuildFile; fileRef = C6E50DA0278D497E00E1BDF0 /* AudioPlayer.swift */; };
		C6E50DA5278D4D0200E1BDF0 /* sound-ding.mp3 in Resources */ = {isa = PBXBuildFile; fileRef = C6E50DA2278D4D0200E1BDF0 /* sound-ding.mp3 */; };
		C6E50DA6278D4D0200E1BDF0 /* sound-rise.mp3 in Resources */ = {isa = PBXBuildFile; fileRef = C6E50DA3278D4D0200E1BDF0 /* sound-rise.mp3 */; };
		C6E50DA7278D4D0200E1BDF0 /* sound-tap.mp3 in Resources */ = {isa = PBXBuildFile; fileRef = C6E50DA4278D4D0200E1BDF0 /* sound-tap.mp3 */; };
/* End PBXBuildFile section */

/* Begin PBXFileReference section */
		C6266DDC2789505700544710 /* Devote.app */ = {isa = PBXFileReference; explicitFileType = wrapper.application; includeInIndex = 0; path = Devote.app; sourceTree = BUILT_PRODUCTS_DIR; };
		C6266DDF2789505700544710 /* DevoteApp.swift */ = {isa = PBXFileReference; lastKnownFileType = sourcecode.swift; path = DevoteApp.swift; sourceTree = "<group>"; };
		C6266DE12789505700544710 /* ContentView.swift */ = {isa = PBXFileReference; lastKnownFileType = sourcecode.swift; path = ContentView.swift; sourceTree = "<group>"; };
		C6266DE62789505800544710 /* Preview Assets.xcassets */ = {isa = PBXFileReference; lastKnownFileType = folder.assetcatalog; path = "Preview Assets.xcassets"; sourceTree = "<group>"; };
		C6266DE82789505800544710 /* Persistence.swift */ = {isa = PBXFileReference; lastKnownFileType = sourcecode.swift; path = Persistence.swift; sourceTree = "<group>"; };
		C6266DEB2789505800544710 /* Devote.xcdatamodel */ = {isa = PBXFileReference; lastKnownFileType = wrapper.xcdatamodel; path = Devote.xcdatamodel; sourceTree = "<group>"; };
		C6266DFA2789516500544710 /* Assets.xcassets */ = {isa = PBXFileReference; lastKnownFileType = folder.assetcatalog; path = Assets.xcassets; sourceTree = "<group>"; };
		C6266DFB2789518300544710 /* Info.plist */ = {isa = PBXFileReference; lastKnownFileType = text.plist; path = Info.plist; sourceTree = "<group>"; };
		C6266E0027895F1800544710 /* Constants.swift */ = {isa = PBXFileReference; lastKnownFileType = sourcecode.swift; path = Constants.swift; sourceTree = "<group>"; };
		C6266E022789681500544710 /* HideKeyboardExtension.swift */ = {isa = PBXFileReference; lastKnownFileType = sourcecode.swift; path = HideKeyboardExtension.swift; sourceTree = "<group>"; };
		C6266E0427896ECA00544710 /* BackgroundImageView.swift */ = {isa = PBXFileReference; lastKnownFileType = sourcecode.swift; path = BackgroundImageView.swift; sourceTree = "<group>"; };
		C6266E0627896F9A00544710 /* NewTaskItemView.swift */ = {isa = PBXFileReference; lastKnownFileType = sourcecode.swift; path = NewTaskItemView.swift; sourceTree = "<group>"; };
		C65DA542278974830099B27A /* BlankView.swift */ = {isa = PBXFileReference; lastKnownFileType = sourcecode.swift; path = BlankView.swift; sourceTree = "<group>"; };
		C6E50D9C2789826D00E1BDF0 /* ListRowItemView.swift */ = {isa = PBXFileReference; lastKnownFileType = sourcecode.swift; path = ListRowItemView.swift; sourceTree = "<group>"; };
		C6E50D9E2789844500E1BDF0 /* CheckboxStyle.swift */ = {isa = PBXFileReference; lastKnownFileType = sourcecode.swift; path = CheckboxStyle.swift; sourceTree = "<group>"; };
		C6E50DA0278D497E00E1BDF0 /* AudioPlayer.swift */ = {isa = PBXFileReference; lastKnownFileType = sourcecode.swift; path = AudioPlayer.swift; sourceTree = "<group>"; };
		C6E50DA2278D4D0200E1BDF0 /* sound-ding.mp3 */ = {isa = PBXFileReference; lastKnownFileType = audio.mp3; path = "sound-ding.mp3"; sourceTree = "<group>"; };
		C6E50DA3278D4D0200E1BDF0 /* sound-rise.mp3 */ = {isa = PBXFileReference; lastKnownFileType = audio.mp3; path = "sound-rise.mp3"; sourceTree = "<group>"; };
		C6E50DA4278D4D0200E1BDF0 /* sound-tap.mp3 */ = {isa = PBXFileReference; lastKnownFileType = audio.mp3; path = "sound-tap.mp3"; sourceTree = "<group>"; };
/* End PBXFileReference section */

/* Begin PBXFrameworksBuildPhase section */
		C6266DD92789505700544710 /* Frameworks */ = {
			isa = PBXFrameworksBuildPhase;
			buildActionMask = 2147483647;
			files = (
			);
			runOnlyForDeploymentPostprocessing = 0;
		};
/* End PBXFrameworksBuildPhase section */

/* Begin PBXGroup section */
		C6266DD32789505700544710 = {
			isa = PBXGroup;
			children = (
				C6266DDE2789505700544710 /* Devote */,
				C6266DDD2789505700544710 /* Products */,
			);
			sourceTree = "<group>";
		};
		C6266DDD2789505700544710 /* Products */ = {
			isa = PBXGroup;
			children = (
				C6266DDC2789505700544710 /* Devote.app */,
			);
			name = Products;
			sourceTree = "<group>";
		};
		C6266DDE2789505700544710 /* Devote */ = {
			isa = PBXGroup;
			children = (
				C6E50DA9278D4D1B00E1BDF0 /* Sounds */,
				C6E50DA8278D4D1600E1BDF0 /* New Group */,
				C6266DFB2789518300544710 /* Info.plist */,
				C6266DDF2789505700544710 /* DevoteApp.swift */,
				C6266DF52789510500544710 /* View */,
				C6266DF92789513200544710 /* Model */,
				C6266DF62789511000544710 /* Style */,
				C6266DF82789511B00544710 /* Extension */,
				C6266DF72789511400544710 /* Utility */,
				C6266DFA2789516500544710 /* Assets.xcassets */,
				C6266DE52789505800544710 /* Preview Content */,
			);
			path = Devote;
			sourceTree = "<group>";
		};
		C6266DE52789505800544710 /* Preview Content */ = {
			isa = PBXGroup;
			children = (
				C6266DE62789505800544710 /* Preview Assets.xcassets */,
			);
			path = "Preview Content";
			sourceTree = "<group>";
		};
		C6266DF52789510500544710 /* View */ = {
			isa = PBXGroup;
			children = (
				C6266DE12789505700544710 /* ContentView.swift */,
				C6266E0427896ECA00544710 /* BackgroundImageView.swift */,
				C6266E0627896F9A00544710 /* NewTaskItemView.swift */,
				C65DA542278974830099B27A /* BlankView.swift */,
				C6E50D9C2789826D00E1BDF0 /* ListRowItemView.swift */,
			);
			path = View;
			sourceTree = "<group>";
		};
		C6266DF62789511000544710 /* Style */ = {
			isa = PBXGroup;
			children = (
				C6E50D9E2789844500E1BDF0 /* CheckboxStyle.swift */,
			);
			path = Style;
			sourceTree = "<group>";
		};
		C6266DF72789511400544710 /* Utility */ = {
			isa = PBXGroup;
			children = (
				C6266E0027895F1800544710 /* Constants.swift */,
				C6E50DA0278D497E00E1BDF0 /* AudioPlayer.swift */,
			);
			path = Utility;
			sourceTree = "<group>";
		};
		C6266DF82789511B00544710 /* Extension */ = {
			isa = PBXGroup;
			children = (
				C6266E022789681500544710 /* HideKeyboardExtension.swift */,
			);
			path = Extension;
			sourceTree = "<group>";
		};
		C6266DF92789513200544710 /* Model */ = {
			isa = PBXGroup;
			children = (
				C6266DE82789505800544710 /* Persistence.swift */,
				C6266DEA2789505800544710 /* Devote.xcdatamodeld */,
			);
			path = Model;
			sourceTree = "<group>";
		};
		C6E50DA8278D4D1600E1BDF0 /* New Group */ = {
			isa = PBXGroup;
			children = (
			);
			path = "New Group";
			sourceTree = "<group>";
		};
		C6E50DA9278D4D1B00E1BDF0 /* Sounds */ = {
			isa = PBXGroup;
			children = (
				C6E50DA2278D4D0200E1BDF0 /* sound-ding.mp3 */,
				C6E50DA3278D4D0200E1BDF0 /* sound-rise.mp3 */,
				C6E50DA4278D4D0200E1BDF0 /* sound-tap.mp3 */,
			);
			path = Sounds;
			sourceTree = "<group>";
		};
/* End PBXGroup section */

/* Begin PBXNativeTarget section */
		C6266DDB2789505700544710 /* Devote */ = {
			isa = PBXNativeTarget;
			buildConfigurationList = C6266DEF2789505800544710 /* Build configuration list for PBXNativeTarget "Devote" */;
			buildPhases = (
				C6266DD82789505700544710 /* Sources */,
				C6266DD92789505700544710 /* Frameworks */,
				C6266DDA2789505700544710 /* Resources */,
			);
			buildRules = (
			);
			dependencies = (
			);
			name = Devote;
			productName = Devote;
			productReference = C6266DDC2789505700544710 /* Devote.app */;
			productType = "com.apple.product-type.application";
		};
/* End PBXNativeTarget section */

/* Begin PBXProject section */
		C6266DD42789505700544710 /* Project object */ = {
			isa = PBXProject;
			attributes = {
				BuildIndependentTargetsInParallel = 1;
				LastSwiftUpdateCheck = 1320;
				LastUpgradeCheck = 1320;
				TargetAttributes = {
					C6266DDB2789505700544710 = {
						CreatedOnToolsVersion = 13.2.1;
					};
				};
			};
			buildConfigurationList = C6266DD72789505700544710 /* Build configuration list for PBXProject "Devote" */;
			compatibilityVersion = "Xcode 13.0";
			developmentRegion = en;
			hasScannedForEncodings = 0;
			knownRegions = (
				en,
				Base,
			);
			mainGroup = C6266DD32789505700544710;
			productRefGroup = C6266DDD2789505700544710 /* Products */;
			projectDirPath = "";
			projectRoot = "";
			targets = (
				C6266DDB2789505700544710 /* Devote */,
			);
		};
/* End PBXProject section */

/* Begin PBXResourcesBuildPhase section */
		C6266DDA2789505700544710 /* Resources */ = {
			isa = PBXResourcesBuildPhase;
			buildActionMask = 2147483647;
			files = (
				C6E50DA6278D4D0200E1BDF0 /* sound-rise.mp3 in Resources */,
				C6E50DA5278D4D0200E1BDF0 /* sound-ding.mp3 in Resources */,
				C6E50DA7278D4D0200E1BDF0 /* sound-tap.mp3 in Resources */,
				C6266DE72789505800544710 /* Preview Assets.xcassets in Resources */,
			);
			runOnlyForDeploymentPostprocessing = 0;
		};
/* End PBXResourcesBuildPhase section */

/* Begin PBXSourcesBuildPhase section */
		C6266DD82789505700544710 /* Sources */ = {
			isa = PBXSourcesBuildPhase;
			buildActionMask = 2147483647;
			files = (
				C6266E0127895F1800544710 /* Constants.swift in Sources */,
				C6266E0527896ECA00544710 /* BackgroundImageView.swift in Sources */,
				C6266DE92789505800544710 /* Persistence.swift in Sources */,
				C6266E032789681500544710 /* HideKeyboardExtension.swift in Sources */,
				C65DA543278974830099B27A /* BlankView.swift in Sources */,
				C6266DE22789505700544710 /* ContentView.swift in Sources */,
				C6E50D9D2789826D00E1BDF0 /* ListRowItemView.swift in Sources */,
				C6266DEC2789505800544710 /* Devote.xcdatamodeld in Sources */,
				C6266DE02789505700544710 /* DevoteApp.swift in Sources */,
				C6E50D9F2789844500E1BDF0 /* CheckboxStyle.swift in Sources */,
				C6266E0727896F9A00544710 /* NewTaskItemView.swift in Sources */,
				C6E50DA1278D497E00E1BDF0 /* AudioPlayer.swift in Sources */,
			);
			runOnlyForDeploymentPostprocessing = 0;
		};
/* End PBXSourcesBuildPhase section */

/* Begin XCBuildConfiguration section */
		C6266DED2789505800544710 /* Debug */ = {
			isa = XCBuildConfiguration;
			buildSettings = {
				ALWAYS_SEARCH_USER_PATHS = NO;
				CLANG_ANALYZER_NONNULL = YES;
				CLANG_ANALYZER_NUMBER_OBJECT_CONVERSION = YES_AGGRESSIVE;
				CLANG_CXX_LANGUAGE_STANDARD = "gnu++17";
				CLANG_CXX_LIBRARY = "libc++";
				CLANG_ENABLE_MODULES = YES;
				CLANG_ENABLE_OBJC_ARC = YES;
				CLANG_ENABLE_OBJC_WEAK = YES;
				CLANG_WARN_BLOCK_CAPTURE_AUTORELEASING = YES;
				CLANG_WARN_BOOL_CONVERSION = YES;
				CLANG_WARN_COMMA = YES;
				CLANG_WARN_CONSTANT_CONVERSION = YES;
				CLANG_WARN_DEPRECATED_OBJC_IMPLEMENTATIONS = YES;
				CLANG_WARN_DIRECT_OBJC_ISA_USAGE = YES_ERROR;
				CLANG_WARN_DOCUMENTATION_COMMENTS = YES;
				CLANG_WARN_EMPTY_BODY = YES;
				CLANG_WARN_ENUM_CONVERSION = YES;
				CLANG_WARN_INFINITE_RECURSION = YES;
				CLANG_WARN_INT_CONVERSION = YES;
				CLANG_WARN_NON_LITERAL_NULL_CONVERSION = YES;
				CLANG_WARN_OBJC_IMPLICIT_RETAIN_SELF = YES;
				CLANG_WARN_OBJC_LITERAL_CONVERSION = YES;
				CLANG_WARN_OBJC_ROOT_CLASS = YES_ERROR;
				CLANG_WARN_QUOTED_INCLUDE_IN_FRAMEWORK_HEADER = YES;
				CLANG_WARN_RANGE_LOOP_ANALYSIS = YES;
				CLANG_WARN_STRICT_PROTOTYPES = YES;
				CLANG_WARN_SUSPICIOUS_MOVE = YES;
				CLANG_WARN_UNGUARDED_AVAILABILITY = YES_AGGRESSIVE;
				CLANG_WARN_UNREACHABLE_CODE = YES;
				CLANG_WARN__DUPLICATE_METHOD_MATCH = YES;
				COPY_PHASE_STRIP = NO;
				DEBUG_INFORMATION_FORMAT = dwarf;
				ENABLE_STRICT_OBJC_MSGSEND = YES;
				ENABLE_TESTABILITY = YES;
				GCC_C_LANGUAGE_STANDARD = gnu11;
				GCC_DYNAMIC_NO_PIC = NO;
				GCC_NO_COMMON_BLOCKS = YES;
				GCC_OPTIMIZATION_LEVEL = 0;
				GCC_PREPROCESSOR_DEFINITIONS = (
					"DEBUG=1",
					"$(inherited)",
				);
				GCC_WARN_64_TO_32_BIT_CONVERSION = YES;
				GCC_WARN_ABOUT_RETURN_TYPE = YES_ERROR;
				GCC_WARN_UNDECLARED_SELECTOR = YES;
				GCC_WARN_UNINITIALIZED_AUTOS = YES_AGGRESSIVE;
				GCC_WARN_UNUSED_FUNCTION = YES;
				GCC_WARN_UNUSED_VARIABLE = YES;
				IPHONEOS_DEPLOYMENT_TARGET = 15.2;
				MTL_ENABLE_DEBUG_INFO = INCLUDE_SOURCE;
				MTL_FAST_MATH = YES;
				ONLY_ACTIVE_ARCH = YES;
				SDKROOT = iphoneos;
				SWIFT_ACTIVE_COMPILATION_CONDITIONS = DEBUG;
				SWIFT_OPTIMIZATION_LEVEL = "-Onone";
			};
			name = Debug;
		};
		C6266DEE2789505800544710 /* Release */ = {
			isa = XCBuildConfiguration;
			buildSettings = {
				ALWAYS_SEARCH_USER_PATHS = NO;
				CLANG_ANALYZER_NONNULL = YES;
				CLANG_ANALYZER_NUMBER_OBJECT_CONVERSION = YES_AGGRESSIVE;
				CLANG_CXX_LANGUAGE_STANDARD = "gnu++17";
				CLANG_CXX_LIBRARY = "libc++";
				CLANG_ENABLE_MODULES = YES;
				CLANG_ENABLE_OBJC_ARC = YES;
				CLANG_ENABLE_OBJC_WEAK = YES;
				CLANG_WARN_BLOCK_CAPTURE_AUTORELEASING = YES;
				CLANG_WARN_BOOL_CONVERSION = YES;
				CLANG_WARN_COMMA = YES;
				CLANG_WARN_CONSTANT_CONVERSION = YES;
				CLANG_WARN_DEPRECATED_OBJC_IMPLEMENTATIONS = YES;
				CLANG_WARN_DIRECT_OBJC_ISA_USAGE = YES_ERROR;
				CLANG_WARN_DOCUMENTATION_COMMENTS = YES;
				CLANG_WARN_EMPTY_BODY = YES;
				CLANG_WARN_ENUM_CONVERSION = YES;
				CLANG_WARN_INFINITE_RECURSION = YES;
				CLANG_WARN_INT_CONVERSION = YES;
				CLANG_WARN_NON_LITERAL_NULL_CONVERSION = YES;
				CLANG_WARN_OBJC_IMPLICIT_RETAIN_SELF = YES;
				CLANG_WARN_OBJC_LITERAL_CONVERSION = YES;
				CLANG_WARN_OBJC_ROOT_CLASS = YES_ERROR;
				CLANG_WARN_QUOTED_INCLUDE_IN_FRAMEWORK_HEADER = YES;
				CLANG_WARN_RANGE_LOOP_ANALYSIS = YES;
				CLANG_WARN_STRICT_PROTOTYPES = YES;
				CLANG_WARN_SUSPICIOUS_MOVE = YES;
				CLANG_WARN_UNGUARDED_AVAILABILITY = YES_AGGRESSIVE;
				CLANG_WARN_UNREACHABLE_CODE = YES;
				CLANG_WARN__DUPLICATE_METHOD_MATCH = YES;
				COPY_PHASE_STRIP = NO;
				DEBUG_INFORMATION_FORMAT = "dwarf-with-dsym";
				ENABLE_NS_ASSERTIONS = NO;
				ENABLE_STRICT_OBJC_MSGSEND = YES;
				GCC_C_LANGUAGE_STANDARD = gnu11;
				GCC_NO_COMMON_BLOCKS = YES;
				GCC_WARN_64_TO_32_BIT_CONVERSION = YES;
				GCC_WARN_ABOUT_RETURN_TYPE = YES_ERROR;
				GCC_WARN_UNDECLARED_SELECTOR = YES;
				GCC_WARN_UNINITIALIZED_AUTOS = YES_AGGRESSIVE;
				GCC_WARN_UNUSED_FUNCTION = YES;
				GCC_WARN_UNUSED_VARIABLE = YES;
				IPHONEOS_DEPLOYMENT_TARGET = 15.2;
				MTL_ENABLE_DEBUG_INFO = NO;
				MTL_FAST_MATH = YES;
				SDKROOT = iphoneos;
				SWIFT_COMPILATION_MODE = wholemodule;
				SWIFT_OPTIMIZATION_LEVEL = "-O";
				VALIDATE_PRODUCT = YES;
			};
			name = Release;
		};
		C6266DF02789505800544710 /* Debug */ = {
			isa = XCBuildConfiguration;
			buildSettings = {
				ASSETCATALOG_COMPILER_APPICON_NAME = AppIcon;
				ASSETCATALOG_COMPILER_GLOBAL_ACCENT_COLOR_NAME = AccentColor;
				CODE_SIGN_STYLE = Automatic;
				CURRENT_PROJECT_VERSION = 1;
				DEVELOPMENT_ASSET_PATHS = "\"Devote/Preview Content\"";
				DEVELOPMENT_TEAM = VG92JZ53Y3;
				ENABLE_PREVIEWS = YES;
				GENERATE_INFOPLIST_FILE = YES;
				INFOPLIST_FILE = Devote/Info.plist;
				INFOPLIST_KEY_UIApplicationSceneManifest_Generation = YES;
				INFOPLIST_KEY_UIApplicationSupportsIndirectInputEvents = YES;
				INFOPLIST_KEY_UISupportedInterfaceOrientations_iPad = "UIInterfaceOrientationPortrait UIInterfaceOrientationPortraitUpsideDown UIInterfaceOrientationLandscapeLeft UIInterfaceOrientationLandscapeRight";
				INFOPLIST_KEY_UISupportedInterfaceOrientations_iPhone = "UIInterfaceOrientationPortrait UIInterfaceOrientationLandscapeLeft UIInterfaceOrientationLandscapeRight";
				LD_RUNPATH_SEARCH_PATHS = (
					"$(inherited)",
					"@executable_path/Frameworks",
				);
				MARKETING_VERSION = 1.0;
				PRODUCT_BUNDLE_IDENTIFIER = com.devlogs.devote.Devote;
				PRODUCT_NAME = "$(TARGET_NAME)";
				SWIFT_EMIT_LOC_STRINGS = YES;
				SWIFT_VERSION = 5.0;
				TARGETED_DEVICE_FAMILY = "1,2";
			};
			name = Debug;
		};
		C6266DF12789505800544710 /* Release */ = {
			isa = XCBuildConfiguration;
			buildSettings = {
				ASSETCATALOG_COMPILER_APPICON_NAME = AppIcon;
				ASSETCATALOG_COMPILER_GLOBAL_ACCENT_COLOR_NAME = AccentColor;
				CODE_SIGN_STYLE = Automatic;
				CURRENT_PROJECT_VERSION = 1;
				DEVELOPMENT_ASSET_PATHS = "\"Devote/Preview Content\"";
				DEVELOPMENT_TEAM = VG92JZ53Y3;
				ENABLE_PREVIEWS = YES;
				GENERATE_INFOPLIST_FILE = YES;
				INFOPLIST_FILE = Devote/Info.plist;
				INFOPLIST_KEY_UIApplicationSceneManifest_Generation = YES;
				INFOPLIST_KEY_UIApplicationSupportsIndirectInputEvents = YES;
				INFOPLIST_KEY_UISupportedInterfaceOrientations_iPad = "UIInterfaceOrientationPortrait UIInterfaceOrientationPortraitUpsideDown UIInterfaceOrientationLandscapeLeft UIInterfaceOrientationLandscapeRight";
				INFOPLIST_KEY_UISupportedInterfaceOrientations_iPhone = "UIInterfaceOrientationPortrait UIInterfaceOrientationLandscapeLeft UIInterfaceOrientationLandscapeRight";
				LD_RUNPATH_SEARCH_PATHS = (
					"$(inherited)",
					"@executable_path/Frameworks",
				);
				MARKETING_VERSION = 1.0;
				PRODUCT_BUNDLE_IDENTIFIER = com.devlogs.devote.Devote;
				PRODUCT_NAME = "$(TARGET_NAME)";
				SWIFT_EMIT_LOC_STRINGS = YES;
				SWIFT_VERSION = 5.0;
				TARGETED_DEVICE_FAMILY = "1,2";
			};
			name = Release;
		};
/* End XCBuildConfiguration section */

/* Begin XCConfigurationList section */
		C6266DD72789505700544710 /* Build configuration list for PBXProject "Devote" */ = {
			isa = XCConfigurationList;
			buildConfigurations = (
				C6266DED2789505800544710 /* Debug */,
				C6266DEE2789505800544710 /* Release */,
			);
			defaultConfigurationIsVisible = 0;
			defaultConfigurationName = Release;
		};
		C6266DEF2789505800544710 /* Build configuration list for PBXNativeTarget "Devote" */ = {
			isa = XCConfigurationList;
			buildConfigurations = (
				C6266DF02789505800544710 /* Debug */,
				C6266DF12789505800544710 /* Release */,
			);
			defaultConfigurationIsVisible = 0;
			defaultConfigurationName = Release;
		};
/* End XCConfigurationList section */

/* Begin XCVersionGroup section */
		C6266DEA2789505800544710 /* Devote.xcdatamodeld */ = {
			isa = XCVersionGroup;
			children = (
				C6266DEB2789505800544710 /* Devote.xcdatamodel */,
			);
			currentVersion = C6266DEB2789505800544710 /* Devote.xcdatamodel */;
			path = Devote.xcdatamodeld;
			sourceTree = "<group>";
			versionGroupType = wrapper.xcdatamodel;
		};
/* End XCVersionGroup section */
	};
	rootObject = C6266DD42789505700544710 /* Project object */;
}
